// !$*UTF8*$!
{
	archiveVersion = 1;
	classes = {
	};
	objectVersion = 55;
	objects = {

/* Begin PBXBuildFile section */
		164F8D984B10D24E1A073187 /* Pods_First1.framework in Frameworks */ = {isa = PBXBuildFile; fileRef = 1C838D5304B81524E70AA9FD /* Pods_First1.framework */; };
		6C9B4F4DBA0A90F366D5FC28 /* Pods_First1_First1UITests.framework in Frameworks */ = {isa = PBXBuildFile; fileRef = B9E4696D7EE657C4EBB28EA2 /* Pods_First1_First1UITests.framework */; };
		D57F685A28309BB300647F08 /* CommotTool.swift in Sources */ = {isa = PBXBuildFile; fileRef = D57F685928309BB200647F08 /* CommotTool.swift */; };
		D5B6D9432823AF2400481169 /* AppDelegate.swift in Sources */ = {isa = PBXBuildFile; fileRef = D5B6D9422823AF2400481169 /* AppDelegate.swift */; };
		D5B6D9452823AF2400481169 /* SceneDelegate.swift in Sources */ = {isa = PBXBuildFile; fileRef = D5B6D9442823AF2400481169 /* SceneDelegate.swift */; };
		D5B6D9472823AF2400481169 /* ViewController.swift in Sources */ = {isa = PBXBuildFile; fileRef = D5B6D9462823AF2400481169 /* ViewController.swift */; };
		D5B6D94A2823AF2400481169 /* Main.storyboard in Resources */ = {isa = PBXBuildFile; fileRef = D5B6D9482823AF2400481169 /* Main.storyboard */; };
		D5B6D94D2823AF2400481169 /* First1.xcdatamodeld in Sources */ = {isa = PBXBuildFile; fileRef = D5B6D94B2823AF2400481169 /* First1.xcdatamodeld */; };
		D5B6D94F2823AF2700481169 /* Assets.xcassets in Resources */ = {isa = PBXBuildFile; fileRef = D5B6D94E2823AF2700481169 /* Assets.xcassets */; };
		D5B6D9522823AF2700481169 /* LaunchScreen.storyboard in Resources */ = {isa = PBXBuildFile; fileRef = D5B6D9502823AF2700481169 /* LaunchScreen.storyboard */; };
		D5B6D95D2823AF2800481169 /* First1Tests.swift in Sources */ = {isa = PBXBuildFile; fileRef = D5B6D95C2823AF2800481169 /* First1Tests.swift */; };
		D5B6D9672823AF2800481169 /* First1UITests.swift in Sources */ = {isa = PBXBuildFile; fileRef = D5B6D9662823AF2800481169 /* First1UITests.swift */; };
		D5B6D9692823AF2800481169 /* First1UITestsLaunchTests.swift in Sources */ = {isa = PBXBuildFile; fileRef = D5B6D9682823AF2800481169 /* First1UITestsLaunchTests.swift */; };
		D5B6D9E52823B24600481169 /* LICENSE in Resources */ = {isa = PBXBuildFile; fileRef = D5B6D9812823B24500481169 /* LICENSE */; };
		D5B6D9E62823B24600481169 /* MultipartFormData.swift in Sources */ = {isa = PBXBuildFile; fileRef = D5B6D9832823B24500481169 /* MultipartFormData.swift */; };
		D5B6D9E72823B24600481169 /* RequestInterceptor.swift in Sources */ = {isa = PBXBuildFile; fileRef = D5B6D9842823B24500481169 /* RequestInterceptor.swift */; };
		D5B6D9E82823B24600481169 /* NetworkReachabilityManager.swift in Sources */ = {isa = PBXBuildFile; fileRef = D5B6D9852823B24500481169 /* NetworkReachabilityManager.swift */; };
		D5B6D9E92823B24600481169 /* ParameterEncoder.swift in Sources */ = {isa = PBXBuildFile; fileRef = D5B6D9862823B24500481169 /* ParameterEncoder.swift */; };
		D5B6D9EA2823B24600481169 /* URLSessionConfiguration+Alamofire.swift in Sources */ = {isa = PBXBuildFile; fileRef = D5B6D9872823B24500481169 /* URLSessionConfiguration+Alamofire.swift */; };
		D5B6D9EB2823B24600481169 /* Session.swift in Sources */ = {isa = PBXBuildFile; fileRef = D5B6D9882823B24500481169 /* Session.swift */; };
		D5B6D9EC2823B24600481169 /* OperationQueue+Alamofire.swift in Sources */ = {isa = PBXBuildFile; fileRef = D5B6D9892823B24500481169 /* OperationQueue+Alamofire.swift */; };
		D5B6D9ED2823B24600481169 /* Concurrency.swift in Sources */ = {isa = PBXBuildFile; fileRef = D5B6D98A2823B24500481169 /* Concurrency.swift */; };
		D5B6D9EE2823B24600481169 /* CachedResponseHandler.swift in Sources */ = {isa = PBXBuildFile; fileRef = D5B6D98B2823B24500481169 /* CachedResponseHandler.swift */; };
		D5B6D9EF2823B24600481169 /* StringEncoding+Alamofire.swift in Sources */ = {isa = PBXBuildFile; fileRef = D5B6D98C2823B24500481169 /* StringEncoding+Alamofire.swift */; };
		D5B6D9F02823B24600481169 /* DispatchQueue+Alamofire.swift in Sources */ = {isa = PBXBuildFile; fileRef = D5B6D98D2823B24500481169 /* DispatchQueue+Alamofire.swift */; };
		D5B6D9F12823B24600481169 /* RetryPolicy.swift in Sources */ = {isa = PBXBuildFile; fileRef = D5B6D98E2823B24500481169 /* RetryPolicy.swift */; };
		D5B6D9F22823B24600481169 /* Protected.swift in Sources */ = {isa = PBXBuildFile; fileRef = D5B6D98F2823B24500481169 /* Protected.swift */; };
		D5B6D9F32823B24600481169 /* ParameterEncoding.swift in Sources */ = {isa = PBXBuildFile; fileRef = D5B6D9902823B24500481169 /* ParameterEncoding.swift */; };
		D5B6D9F42823B24600481169 /* ServerTrustEvaluation.swift in Sources */ = {isa = PBXBuildFile; fileRef = D5B6D9912823B24500481169 /* ServerTrustEvaluation.swift */; };
		D5B6D9F52823B24600481169 /* AFError.swift in Sources */ = {isa = PBXBuildFile; fileRef = D5B6D9922823B24500481169 /* AFError.swift */; };
		D5B6D9F62823B24600481169 /* RedirectHandler.swift in Sources */ = {isa = PBXBuildFile; fileRef = D5B6D9932823B24500481169 /* RedirectHandler.swift */; };
		D5B6D9F72823B24600481169 /* URLEncodedFormEncoder.swift in Sources */ = {isa = PBXBuildFile; fileRef = D5B6D9942823B24500481169 /* URLEncodedFormEncoder.swift */; };
		D5B6D9F82823B24600481169 /* AlamofireExtended.swift in Sources */ = {isa = PBXBuildFile; fileRef = D5B6D9952823B24500481169 /* AlamofireExtended.swift */; };
		D5B6D9F92823B24600481169 /* HTTPMethod.swift in Sources */ = {isa = PBXBuildFile; fileRef = D5B6D9962823B24500481169 /* HTTPMethod.swift */; };
		D5B6D9FA2823B24600481169 /* MultipartUpload.swift in Sources */ = {isa = PBXBuildFile; fileRef = D5B6D9972823B24500481169 /* MultipartUpload.swift */; };
		D5B6D9FB2823B24600481169 /* URLRequest+Alamofire.swift in Sources */ = {isa = PBXBuildFile; fileRef = D5B6D9982823B24600481169 /* URLRequest+Alamofire.swift */; };
		D5B6D9FC2823B24600481169 /* URLConvertible+URLRequestConvertible.swift in Sources */ = {isa = PBXBuildFile; fileRef = D5B6D9992823B24600481169 /* URLConvertible+URLRequestConvertible.swift */; };
		D5B6D9FD2823B24600481169 /* RequestTaskMap.swift in Sources */ = {isa = PBXBuildFile; fileRef = D5B6D99A2823B24600481169 /* RequestTaskMap.swift */; };
		D5B6D9FE2823B24600481169 /* Validation.swift in Sources */ = {isa = PBXBuildFile; fileRef = D5B6D99B2823B24600481169 /* Validation.swift */; };
		D5B6D9FF2823B24600481169 /* Notifications.swift in Sources */ = {isa = PBXBuildFile; fileRef = D5B6D99C2823B24600481169 /* Notifications.swift */; };
		D5B6DA002823B24600481169 /* AuthenticationInterceptor.swift in Sources */ = {isa = PBXBuildFile; fileRef = D5B6D99D2823B24600481169 /* AuthenticationInterceptor.swift */; };
		D5B6DA012823B24600481169 /* Response.swift in Sources */ = {isa = PBXBuildFile; fileRef = D5B6D99E2823B24600481169 /* Response.swift */; };
		D5B6DA022823B24600481169 /* Alamofire.swift in Sources */ = {isa = PBXBuildFile; fileRef = D5B6D99F2823B24600481169 /* Alamofire.swift */; };
		D5B6DA032823B24600481169 /* Result+Alamofire.swift in Sources */ = {isa = PBXBuildFile; fileRef = D5B6D9A02823B24600481169 /* Result+Alamofire.swift */; };
		D5B6DA042823B24600481169 /* Request.swift in Sources */ = {isa = PBXBuildFile; fileRef = D5B6D9A12823B24600481169 /* Request.swift */; };
		D5B6DA052823B24600481169 /* HTTPHeaders.swift in Sources */ = {isa = PBXBuildFile; fileRef = D5B6D9A22823B24600481169 /* HTTPHeaders.swift */; };
		D5B6DA062823B24600481169 /* EventMonitor.swift in Sources */ = {isa = PBXBuildFile; fileRef = D5B6D9A32823B24600481169 /* EventMonitor.swift */; };
		D5B6DA072823B24600481169 /* Combine.swift in Sources */ = {isa = PBXBuildFile; fileRef = D5B6D9A42823B24600481169 /* Combine.swift */; };
		D5B6DA082823B24600481169 /* ResponseSerialization.swift in Sources */ = {isa = PBXBuildFile; fileRef = D5B6D9A52823B24600481169 /* ResponseSerialization.swift */; };
		D5B6DA092823B24600481169 /* SessionDelegate.swift in Sources */ = {isa = PBXBuildFile; fileRef = D5B6D9A62823B24600481169 /* SessionDelegate.swift */; };
		D5B6DA0A2823B24600481169 /* README.md in Resources */ = {isa = PBXBuildFile; fileRef = D5B6D9A72823B24600481169 /* README.md */; };
		D5B6DA0B2823B24600481169 /* Pods-First1Tests-acknowledgements.markdown in Resources */ = {isa = PBXBuildFile; fileRef = D5B6D9AA2823B24600481169 /* Pods-First1Tests-acknowledgements.markdown */; };
		D5B6DA0C2823B24600481169 /* Pods-First1Tests-dummy.m in Sources */ = {isa = PBXBuildFile; fileRef = D5B6D9AC2823B24600481169 /* Pods-First1Tests-dummy.m */; };
		D5B6DA0E2823B24600481169 /* Pods-First1Tests-Info.plist in Resources */ = {isa = PBXBuildFile; fileRef = D5B6D9AE2823B24600481169 /* Pods-First1Tests-Info.plist */; };
		D5B6DA0F2823B24600481169 /* Pods-First1Tests-acknowledgements.plist in Resources */ = {isa = PBXBuildFile; fileRef = D5B6D9B02823B24600481169 /* Pods-First1Tests-acknowledgements.plist */; };
		D5B6DA122823B24600481169 /* Alamofire-Info.plist in Resources */ = {isa = PBXBuildFile; fileRef = D5B6D9B42823B24600481169 /* Alamofire-Info.plist */; };
		D5B6DA132823B24600481169 /* Alamofire-dummy.m in Sources */ = {isa = PBXBuildFile; fileRef = D5B6D9B52823B24600481169 /* Alamofire-dummy.m */; };
		D5B6DA172823B24600481169 /* Pods-First1-First1UITests-frameworks.sh in Resources */ = {isa = PBXBuildFile; fileRef = D5B6D9BD2823B24600481169 /* Pods-First1-First1UITests-frameworks.sh */; };
		D5B6DA182823B24600481169 /* Pods-First1-First1UITests-frameworks-Debug-output-files.xcfilelist in Resources */ = {isa = PBXBuildFile; fileRef = D5B6D9BE2823B24600481169 /* Pods-First1-First1UITests-frameworks-Debug-output-files.xcfilelist */; };
		D5B6DA192823B24600481169 /* Pods-First1-First1UITests-Info.plist in Resources */ = {isa = PBXBuildFile; fileRef = D5B6D9BF2823B24600481169 /* Pods-First1-First1UITests-Info.plist */; };
		D5B6DA1A2823B24600481169 /* Pods-First1-First1UITests-frameworks-Release-input-files.xcfilelist in Resources */ = {isa = PBXBuildFile; fileRef = D5B6D9C02823B24600481169 /* Pods-First1-First1UITests-frameworks-Release-input-files.xcfilelist */; };
		D5B6DA1B2823B24600481169 /* Pods-First1-First1UITests-frameworks-Debug-input-files.xcfilelist in Resources */ = {isa = PBXBuildFile; fileRef = D5B6D9C12823B24600481169 /* Pods-First1-First1UITests-frameworks-Debug-input-files.xcfilelist */; };
		D5B6DA1C2823B24600481169 /* Pods-First1-First1UITests-acknowledgements.plist in Resources */ = {isa = PBXBuildFile; fileRef = D5B6D9C42823B24600481169 /* Pods-First1-First1UITests-acknowledgements.plist */; };
		D5B6DA1D2823B24600481169 /* Pods-First1-First1UITests-dummy.m in Sources */ = {isa = PBXBuildFile; fileRef = D5B6D9C52823B24600481169 /* Pods-First1-First1UITests-dummy.m */; };
		D5B6DA1E2823B24600481169 /* Pods-First1-First1UITests-frameworks-Release-output-files.xcfilelist in Resources */ = {isa = PBXBuildFile; fileRef = D5B6D9C62823B24600481169 /* Pods-First1-First1UITests-frameworks-Release-output-files.xcfilelist */; };
		D5B6DA1F2823B24600481169 /* Pods-First1-First1UITests-acknowledgements.markdown in Resources */ = {isa = PBXBuildFile; fileRef = D5B6D9C72823B24600481169 /* Pods-First1-First1UITests-acknowledgements.markdown */; };
		D5B6DA202823B24600481169 /* Pods-First1-frameworks-Debug-output-files.xcfilelist in Resources */ = {isa = PBXBuildFile; fileRef = D5B6D9C92823B24600481169 /* Pods-First1-frameworks-Debug-output-files.xcfilelist */; };
		D5B6DA212823B24600481169 /* Pods-First1-acknowledgements.plist in Resources */ = {isa = PBXBuildFile; fileRef = D5B6D9CA2823B24600481169 /* Pods-First1-acknowledgements.plist */; };
		D5B6DA222823B24600481169 /* Pods-First1-dummy.m in Sources */ = {isa = PBXBuildFile; fileRef = D5B6D9CB2823B24600481169 /* Pods-First1-dummy.m */; };
		D5B6DA232823B24600481169 /* Pods-First1-Info.plist in Resources */ = {isa = PBXBuildFile; fileRef = D5B6D9CC2823B24600481169 /* Pods-First1-Info.plist */; };
		D5B6DA242823B24600481169 /* Pods-First1-frameworks-Debug-input-files.xcfilelist in Resources */ = {isa = PBXBuildFile; fileRef = D5B6D9CD2823B24600481169 /* Pods-First1-frameworks-Debug-input-files.xcfilelist */; };
		D5B6DA252823B24600481169 /* Pods-First1-frameworks-Release-input-files.xcfilelist in Resources */ = {isa = PBXBuildFile; fileRef = D5B6D9CF2823B24600481169 /* Pods-First1-frameworks-Release-input-files.xcfilelist */; };
		D5B6DA262823B24600481169 /* Pods-First1-frameworks.sh in Resources */ = {isa = PBXBuildFile; fileRef = D5B6D9D12823B24600481169 /* Pods-First1-frameworks.sh */; };
		D5B6DA272823B24600481169 /* Pods-First1-frameworks-Release-output-files.xcfilelist in Resources */ = {isa = PBXBuildFile; fileRef = D5B6D9D22823B24600481169 /* Pods-First1-frameworks-Release-output-files.xcfilelist */; };
		D5B6DA292823B24600481169 /* Pods-First1-acknowledgements.markdown in Resources */ = {isa = PBXBuildFile; fileRef = D5B6D9D42823B24600481169 /* Pods-First1-acknowledgements.markdown */; };
		D5B6DA2B2823B24600481169 /* Manifest.lock in Resources */ = {isa = PBXBuildFile; fileRef = D5B6D9D62823B24600481169 /* Manifest.lock */; };
		D5B6DA2E2824018300481169 /* FirstController.swift in Sources */ = {isa = PBXBuildFile; fileRef = D5B6DA2D2824018300481169 /* FirstController.swift */; };
		D5CDEF84283CB8BF00468664 /* DelegateContrller.swift in Sources */ = {isa = PBXBuildFile; fileRef = D5CDEF83283CB8BE00468664 /* DelegateContrller.swift */; };
		D5CDEF98283CC72300468664 /* YXTabBarController.swift in Sources */ = {isa = PBXBuildFile; fileRef = D5CDEF97283CC72300468664 /* YXTabBarController.swift */; };
		E1E3B7E1368ACF1A20CB0B20 /* Pods_First1Tests.framework in Frameworks */ = {isa = PBXBuildFile; fileRef = 535FDC06A436DA89B92C00C1 /* Pods_First1Tests.framework */; };
/* End PBXBuildFile section */

/* Begin PBXContainerItemProxy section */
		D5B6D9592823AF2800481169 /* PBXContainerItemProxy */ = {
			isa = PBXContainerItemProxy;
			containerPortal = D5B6D9372823AF2400481169 /* Project object */;
			proxyType = 1;
			remoteGlobalIDString = D5B6D93E2823AF2400481169;
			remoteInfo = First1;
		};
		D5B6D9632823AF2800481169 /* PBXContainerItemProxy */ = {
			isa = PBXContainerItemProxy;
			containerPortal = D5B6D9372823AF2400481169 /* Project object */;
			proxyType = 1;
			remoteGlobalIDString = D5B6D93E2823AF2400481169;
			remoteInfo = First1;
		};
		D5B6D9DD2823B24600481169 /* PBXContainerItemProxy */ = {
			isa = PBXContainerItemProxy;
			containerPortal = D5B6D97D2823B24500481169 /* Pods.xcodeproj */;
			proxyType = 2;
			remoteGlobalIDString = 5D797E9A5C5782CE845840781FA1CC81;
			remoteInfo = Alamofire;
		};
		D5B6D9DF2823B24600481169 /* PBXContainerItemProxy */ = {
			isa = PBXContainerItemProxy;
			containerPortal = D5B6D97D2823B24500481169 /* Pods.xcodeproj */;
			proxyType = 2;
			remoteGlobalIDString = A036ED9F02D6CFA7EA9830A739FA40BB;
			remoteInfo = "Pods-First1";
		};
		D5B6D9E12823B24600481169 /* PBXContainerItemProxy */ = {
			isa = PBXContainerItemProxy;
			containerPortal = D5B6D97D2823B24500481169 /* Pods.xcodeproj */;
			proxyType = 2;
			remoteGlobalIDString = 40BE3D48E1FE5151937C4AC01EA7B66F;
			remoteInfo = "Pods-First1-First1UITests";
		};
		D5B6D9E32823B24600481169 /* PBXContainerItemProxy */ = {
			isa = PBXContainerItemProxy;
			containerPortal = D5B6D97D2823B24500481169 /* Pods.xcodeproj */;
			proxyType = 2;
			remoteGlobalIDString = 4EBFF27D93298D92C463AE6CCEAE93B1;
			remoteInfo = "Pods-First1Tests";
		};
/* End PBXContainerItemProxy section */

/* Begin PBXFileReference section */
		1C838D5304B81524E70AA9FD /* Pods_First1.framework */ = {isa = PBXFileReference; explicitFileType = wrapper.framework; includeInIndex = 0; path = Pods_First1.framework; sourceTree = BUILT_PRODUCTS_DIR; };
		38ADF87F5E8965B6A12CA470 /* Pods-First1.release.xcconfig */ = {isa = PBXFileReference; includeInIndex = 1; lastKnownFileType = text.xcconfig; name = "Pods-First1.release.xcconfig"; path = "Target Support Files/Pods-First1/Pods-First1.release.xcconfig"; sourceTree = "<group>"; };
		435AC0EB055B7A67F2D006D8 /* Pods-First1-First1UITests.release.xcconfig */ = {isa = PBXFileReference; includeInIndex = 1; lastKnownFileType = text.xcconfig; name = "Pods-First1-First1UITests.release.xcconfig"; path = "Target Support Files/Pods-First1-First1UITests/Pods-First1-First1UITests.release.xcconfig"; sourceTree = "<group>"; };
		535FDC06A436DA89B92C00C1 /* Pods_First1Tests.framework */ = {isa = PBXFileReference; explicitFileType = wrapper.framework; includeInIndex = 0; path = Pods_First1Tests.framework; sourceTree = BUILT_PRODUCTS_DIR; };
		549D7B024EB96AFAA49AF3A3 /* Pods-First1-First1UITests.debug.xcconfig */ = {isa = PBXFileReference; includeInIndex = 1; lastKnownFileType = text.xcconfig; name = "Pods-First1-First1UITests.debug.xcconfig"; path = "Target Support Files/Pods-First1-First1UITests/Pods-First1-First1UITests.debug.xcconfig"; sourceTree = "<group>"; };
		55DBCC07F4AAF0CF2FA568E7 /* Pods-First1.debug.xcconfig */ = {isa = PBXFileReference; includeInIndex = 1; lastKnownFileType = text.xcconfig; name = "Pods-First1.debug.xcconfig"; path = "Target Support Files/Pods-First1/Pods-First1.debug.xcconfig"; sourceTree = "<group>"; };
		8868DAC80127AF90597D6E65 /* Pods-First1Tests.debug.xcconfig */ = {isa = PBXFileReference; includeInIndex = 1; lastKnownFileType = text.xcconfig; name = "Pods-First1Tests.debug.xcconfig"; path = "Target Support Files/Pods-First1Tests/Pods-First1Tests.debug.xcconfig"; sourceTree = "<group>"; };
		B9E4696D7EE657C4EBB28EA2 /* Pods_First1_First1UITests.framework */ = {isa = PBXFileReference; explicitFileType = wrapper.framework; includeInIndex = 0; path = Pods_First1_First1UITests.framework; sourceTree = BUILT_PRODUCTS_DIR; };
		D57F685928309BB200647F08 /* CommotTool.swift */ = {isa = PBXFileReference; lastKnownFileType = sourcecode.swift; path = CommotTool.swift; sourceTree = "<group>"; };
		D5B6D93F2823AF2400481169 /* First1.app */ = {isa = PBXFileReference; explicitFileType = wrapper.application; includeInIndex = 0; path = First1.app; sourceTree = BUILT_PRODUCTS_DIR; };
		D5B6D9422823AF2400481169 /* AppDelegate.swift */ = {isa = PBXFileReference; lastKnownFileType = sourcecode.swift; path = AppDelegate.swift; sourceTree = "<group>"; };
		D5B6D9442823AF2400481169 /* SceneDelegate.swift */ = {isa = PBXFileReference; lastKnownFileType = sourcecode.swift; path = SceneDelegate.swift; sourceTree = "<group>"; };
		D5B6D9462823AF2400481169 /* ViewController.swift */ = {isa = PBXFileReference; lastKnownFileType = sourcecode.swift; path = ViewController.swift; sourceTree = "<group>"; };
		D5B6D9492823AF2400481169 /* Base */ = {isa = PBXFileReference; lastKnownFileType = file.storyboard; name = Base; path = Base.lproj/Main.storyboard; sourceTree = "<group>"; };
		D5B6D94C2823AF2400481169 /* First1.xcdatamodel */ = {isa = PBXFileReference; lastKnownFileType = wrapper.xcdatamodel; path = First1.xcdatamodel; sourceTree = "<group>"; };
		D5B6D94E2823AF2700481169 /* Assets.xcassets */ = {isa = PBXFileReference; lastKnownFileType = folder.assetcatalog; path = Assets.xcassets; sourceTree = "<group>"; };
		D5B6D9512823AF2700481169 /* Base */ = {isa = PBXFileReference; lastKnownFileType = file.storyboard; name = Base; path = Base.lproj/LaunchScreen.storyboard; sourceTree = "<group>"; };
		D5B6D9532823AF2700481169 /* Info.plist */ = {isa = PBXFileReference; lastKnownFileType = text.plist.xml; path = Info.plist; sourceTree = "<group>"; };
		D5B6D9582823AF2800481169 /* First1Tests.xctest */ = {isa = PBXFileReference; explicitFileType = wrapper.cfbundle; includeInIndex = 0; path = First1Tests.xctest; sourceTree = BUILT_PRODUCTS_DIR; };
		D5B6D95C2823AF2800481169 /* First1Tests.swift */ = {isa = PBXFileReference; lastKnownFileType = sourcecode.swift; path = First1Tests.swift; sourceTree = "<group>"; };
		D5B6D9622823AF2800481169 /* First1UITests.xctest */ = {isa = PBXFileReference; explicitFileType = wrapper.cfbundle; includeInIndex = 0; path = First1UITests.xctest; sourceTree = BUILT_PRODUCTS_DIR; };
		D5B6D9662823AF2800481169 /* First1UITests.swift */ = {isa = PBXFileReference; lastKnownFileType = sourcecode.swift; path = First1UITests.swift; sourceTree = "<group>"; };
		D5B6D9682823AF2800481169 /* First1UITestsLaunchTests.swift */ = {isa = PBXFileReference; lastKnownFileType = sourcecode.swift; path = First1UITestsLaunchTests.swift; sourceTree = "<group>"; };
		D5B6D97D2823B24500481169 /* Pods.xcodeproj */ = {isa = PBXFileReference; lastKnownFileType = "wrapper.pb-project"; path = Pods.xcodeproj; sourceTree = "<group>"; };
		D5B6D9812823B24500481169 /* LICENSE */ = {isa = PBXFileReference; fileEncoding = 4; lastKnownFileType = text; path = LICENSE; sourceTree = "<group>"; };
		D5B6D9832823B24500481169 /* MultipartFormData.swift */ = {isa = PBXFileReference; fileEncoding = 4; lastKnownFileType = sourcecode.swift; path = MultipartFormData.swift; sourceTree = "<group>"; };
		D5B6D9842823B24500481169 /* RequestInterceptor.swift */ = {isa = PBXFileReference; fileEncoding = 4; lastKnownFileType = sourcecode.swift; path = RequestInterceptor.swift; sourceTree = "<group>"; };
		D5B6D9852823B24500481169 /* NetworkReachabilityManager.swift */ = {isa = PBXFileReference; fileEncoding = 4; lastKnownFileType = sourcecode.swift; path = NetworkReachabilityManager.swift; sourceTree = "<group>"; };
		D5B6D9862823B24500481169 /* ParameterEncoder.swift */ = {isa = PBXFileReference; fileEncoding = 4; lastKnownFileType = sourcecode.swift; path = ParameterEncoder.swift; sourceTree = "<group>"; };
		D5B6D9872823B24500481169 /* URLSessionConfiguration+Alamofire.swift */ = {isa = PBXFileReference; fileEncoding = 4; lastKnownFileType = sourcecode.swift; path = "URLSessionConfiguration+Alamofire.swift"; sourceTree = "<group>"; };
		D5B6D9882823B24500481169 /* Session.swift */ = {isa = PBXFileReference; fileEncoding = 4; lastKnownFileType = sourcecode.swift; path = Session.swift; sourceTree = "<group>"; };
		D5B6D9892823B24500481169 /* OperationQueue+Alamofire.swift */ = {isa = PBXFileReference; fileEncoding = 4; lastKnownFileType = sourcecode.swift; path = "OperationQueue+Alamofire.swift"; sourceTree = "<group>"; };
		D5B6D98A2823B24500481169 /* Concurrency.swift */ = {isa = PBXFileReference; fileEncoding = 4; lastKnownFileType = sourcecode.swift; path = Concurrency.swift; sourceTree = "<group>"; };
		D5B6D98B2823B24500481169 /* CachedResponseHandler.swift */ = {isa = PBXFileReference; fileEncoding = 4; lastKnownFileType = sourcecode.swift; path = CachedResponseHandler.swift; sourceTree = "<group>"; };
		D5B6D98C2823B24500481169 /* StringEncoding+Alamofire.swift */ = {isa = PBXFileReference; fileEncoding = 4; lastKnownFileType = sourcecode.swift; path = "StringEncoding+Alamofire.swift"; sourceTree = "<group>"; };
		D5B6D98D2823B24500481169 /* DispatchQueue+Alamofire.swift */ = {isa = PBXFileReference; fileEncoding = 4; lastKnownFileType = sourcecode.swift; path = "DispatchQueue+Alamofire.swift"; sourceTree = "<group>"; };
		D5B6D98E2823B24500481169 /* RetryPolicy.swift */ = {isa = PBXFileReference; fileEncoding = 4; lastKnownFileType = sourcecode.swift; path = RetryPolicy.swift; sourceTree = "<group>"; };
		D5B6D98F2823B24500481169 /* Protected.swift */ = {isa = PBXFileReference; fileEncoding = 4; lastKnownFileType = sourcecode.swift; path = Protected.swift; sourceTree = "<group>"; };
		D5B6D9902823B24500481169 /* ParameterEncoding.swift */ = {isa = PBXFileReference; fileEncoding = 4; lastKnownFileType = sourcecode.swift; path = ParameterEncoding.swift; sourceTree = "<group>"; };
		D5B6D9912823B24500481169 /* ServerTrustEvaluation.swift */ = {isa = PBXFileReference; fileEncoding = 4; lastKnownFileType = sourcecode.swift; path = ServerTrustEvaluation.swift; sourceTree = "<group>"; };
		D5B6D9922823B24500481169 /* AFError.swift */ = {isa = PBXFileReference; fileEncoding = 4; lastKnownFileType = sourcecode.swift; path = AFError.swift; sourceTree = "<group>"; };
		D5B6D9932823B24500481169 /* RedirectHandler.swift */ = {isa = PBXFileReference; fileEncoding = 4; lastKnownFileType = sourcecode.swift; path = RedirectHandler.swift; sourceTree = "<group>"; };
		D5B6D9942823B24500481169 /* URLEncodedFormEncoder.swift */ = {isa = PBXFileReference; fileEncoding = 4; lastKnownFileType = sourcecode.swift; path = URLEncodedFormEncoder.swift; sourceTree = "<group>"; };
		D5B6D9952823B24500481169 /* AlamofireExtended.swift */ = {isa = PBXFileReference; fileEncoding = 4; lastKnownFileType = sourcecode.swift; path = AlamofireExtended.swift; sourceTree = "<group>"; };
		D5B6D9962823B24500481169 /* HTTPMethod.swift */ = {isa = PBXFileReference; fileEncoding = 4; lastKnownFileType = sourcecode.swift; path = HTTPMethod.swift; sourceTree = "<group>"; };
		D5B6D9972823B24500481169 /* MultipartUpload.swift */ = {isa = PBXFileReference; fileEncoding = 4; lastKnownFileType = sourcecode.swift; path = MultipartUpload.swift; sourceTree = "<group>"; };
		D5B6D9982823B24600481169 /* URLRequest+Alamofire.swift */ = {isa = PBXFileReference; fileEncoding = 4; lastKnownFileType = sourcecode.swift; path = "URLRequest+Alamofire.swift"; sourceTree = "<group>"; };
		D5B6D9992823B24600481169 /* URLConvertible+URLRequestConvertible.swift */ = {isa = PBXFileReference; fileEncoding = 4; lastKnownFileType = sourcecode.swift; path = "URLConvertible+URLRequestConvertible.swift"; sourceTree = "<group>"; };
		D5B6D99A2823B24600481169 /* RequestTaskMap.swift */ = {isa = PBXFileReference; fileEncoding = 4; lastKnownFileType = sourcecode.swift; path = RequestTaskMap.swift; sourceTree = "<group>"; };
		D5B6D99B2823B24600481169 /* Validation.swift */ = {isa = PBXFileReference; fileEncoding = 4; lastKnownFileType = sourcecode.swift; path = Validation.swift; sourceTree = "<group>"; };
		D5B6D99C2823B24600481169 /* Notifications.swift */ = {isa = PBXFileReference; fileEncoding = 4; lastKnownFileType = sourcecode.swift; path = Notifications.swift; sourceTree = "<group>"; };
		D5B6D99D2823B24600481169 /* AuthenticationInterceptor.swift */ = {isa = PBXFileReference; fileEncoding = 4; lastKnownFileType = sourcecode.swift; path = AuthenticationInterceptor.swift; sourceTree = "<group>"; };
		D5B6D99E2823B24600481169 /* Response.swift */ = {isa = PBXFileReference; fileEncoding = 4; lastKnownFileType = sourcecode.swift; path = Response.swift; sourceTree = "<group>"; };
		D5B6D99F2823B24600481169 /* Alamofire.swift */ = {isa = PBXFileReference; fileEncoding = 4; lastKnownFileType = sourcecode.swift; path = Alamofire.swift; sourceTree = "<group>"; };
		D5B6D9A02823B24600481169 /* Result+Alamofire.swift */ = {isa = PBXFileReference; fileEncoding = 4; lastKnownFileType = sourcecode.swift; path = "Result+Alamofire.swift"; sourceTree = "<group>"; };
		D5B6D9A12823B24600481169 /* Request.swift */ = {isa = PBXFileReference; fileEncoding = 4; lastKnownFileType = sourcecode.swift; path = Request.swift; sourceTree = "<group>"; };
		D5B6D9A22823B24600481169 /* HTTPHeaders.swift */ = {isa = PBXFileReference; fileEncoding = 4; lastKnownFileType = sourcecode.swift; path = HTTPHeaders.swift; sourceTree = "<group>"; };
		D5B6D9A32823B24600481169 /* EventMonitor.swift */ = {isa = PBXFileReference; fileEncoding = 4; lastKnownFileType = sourcecode.swift; path = EventMonitor.swift; sourceTree = "<group>"; };
		D5B6D9A42823B24600481169 /* Combine.swift */ = {isa = PBXFileReference; fileEncoding = 4; lastKnownFileType = sourcecode.swift; path = Combine.swift; sourceTree = "<group>"; };
		D5B6D9A52823B24600481169 /* ResponseSerialization.swift */ = {isa = PBXFileReference; fileEncoding = 4; lastKnownFileType = sourcecode.swift; path = ResponseSerialization.swift; sourceTree = "<group>"; };
		D5B6D9A62823B24600481169 /* SessionDelegate.swift */ = {isa = PBXFileReference; fileEncoding = 4; lastKnownFileType = sourcecode.swift; path = SessionDelegate.swift; sourceTree = "<group>"; };
		D5B6D9A72823B24600481169 /* README.md */ = {isa = PBXFileReference; fileEncoding = 4; lastKnownFileType = net.daringfireball.markdown; path = README.md; sourceTree = "<group>"; };
		D5B6D9AA2823B24600481169 /* Pods-First1Tests-acknowledgements.markdown */ = {isa = PBXFileReference; fileEncoding = 4; lastKnownFileType = net.daringfireball.markdown; path = "Pods-First1Tests-acknowledgements.markdown"; sourceTree = "<group>"; };
		D5B6D9AB2823B24600481169 /* Pods-First1Tests-umbrella.h */ = {isa = PBXFileReference; fileEncoding = 4; lastKnownFileType = sourcecode.c.h; path = "Pods-First1Tests-umbrella.h"; sourceTree = "<group>"; };
		D5B6D9AC2823B24600481169 /* Pods-First1Tests-dummy.m */ = {isa = PBXFileReference; fileEncoding = 4; lastKnownFileType = sourcecode.c.objc; path = "Pods-First1Tests-dummy.m"; sourceTree = "<group>"; };
		D5B6D9AD2823B24600481169 /* Pods-First1Tests.release.xcconfig */ = {isa = PBXFileReference; fileEncoding = 4; lastKnownFileType = text.xcconfig; path = "Pods-First1Tests.release.xcconfig"; sourceTree = "<group>"; };
		D5B6D9AE2823B24600481169 /* Pods-First1Tests-Info.plist */ = {isa = PBXFileReference; fileEncoding = 4; lastKnownFileType = text.plist.xml; path = "Pods-First1Tests-Info.plist"; sourceTree = "<group>"; };
		D5B6D9AF2823B24600481169 /* Pods-First1Tests.modulemap */ = {isa = PBXFileReference; fileEncoding = 4; lastKnownFileType = "sourcecode.module-map"; path = "Pods-First1Tests.modulemap"; sourceTree = "<group>"; };
		D5B6D9B02823B24600481169 /* Pods-First1Tests-acknowledgements.plist */ = {isa = PBXFileReference; fileEncoding = 4; lastKnownFileType = text.plist.xml; path = "Pods-First1Tests-acknowledgements.plist"; sourceTree = "<group>"; };
		D5B6D9B12823B24600481169 /* Pods-First1Tests.debug.xcconfig */ = {isa = PBXFileReference; fileEncoding = 4; lastKnownFileType = text.xcconfig; path = "Pods-First1Tests.debug.xcconfig"; sourceTree = "<group>"; };
		D5B6D9B32823B24600481169 /* Alamofire.release.xcconfig */ = {isa = PBXFileReference; fileEncoding = 4; lastKnownFileType = text.xcconfig; path = Alamofire.release.xcconfig; sourceTree = "<group>"; };
		D5B6D9B42823B24600481169 /* Alamofire-Info.plist */ = {isa = PBXFileReference; fileEncoding = 4; lastKnownFileType = text.plist.xml; path = "Alamofire-Info.plist"; sourceTree = "<group>"; };
		D5B6D9B52823B24600481169 /* Alamofire-dummy.m */ = {isa = PBXFileReference; fileEncoding = 4; lastKnownFileType = sourcecode.c.objc; path = "Alamofire-dummy.m"; sourceTree = "<group>"; };
		D5B6D9B62823B24600481169 /* Alamofire.debug.xcconfig */ = {isa = PBXFileReference; fileEncoding = 4; lastKnownFileType = text.xcconfig; path = Alamofire.debug.xcconfig; sourceTree = "<group>"; };
		D5B6D9B72823B24600481169 /* Alamofire-umbrella.h */ = {isa = PBXFileReference; fileEncoding = 4; lastKnownFileType = sourcecode.c.h; path = "Alamofire-umbrella.h"; sourceTree = "<group>"; };
		D5B6D9B82823B24600481169 /* Alamofire.modulemap */ = {isa = PBXFileReference; fileEncoding = 4; lastKnownFileType = "sourcecode.module-map"; path = Alamofire.modulemap; sourceTree = "<group>"; };
		D5B6D9B92823B24600481169 /* Alamofire-prefix.pch */ = {isa = PBXFileReference; fileEncoding = 4; lastKnownFileType = sourcecode.c.h; path = "Alamofire-prefix.pch"; sourceTree = "<group>"; };
		D5B6D9BB2823B24600481169 /* Pods-First1-First1UITests.release.xcconfig */ = {isa = PBXFileReference; fileEncoding = 4; lastKnownFileType = text.xcconfig; path = "Pods-First1-First1UITests.release.xcconfig"; sourceTree = "<group>"; };
		D5B6D9BC2823B24600481169 /* Pods-First1-First1UITests.debug.xcconfig */ = {isa = PBXFileReference; fileEncoding = 4; lastKnownFileType = text.xcconfig; path = "Pods-First1-First1UITests.debug.xcconfig"; sourceTree = "<group>"; };
		D5B6D9BD2823B24600481169 /* Pods-First1-First1UITests-frameworks.sh */ = {isa = PBXFileReference; fileEncoding = 4; lastKnownFileType = text.script.sh; path = "Pods-First1-First1UITests-frameworks.sh"; sourceTree = "<group>"; };
		D5B6D9BE2823B24600481169 /* Pods-First1-First1UITests-frameworks-Debug-output-files.xcfilelist */ = {isa = PBXFileReference; fileEncoding = 4; lastKnownFileType = text.xcfilelist; path = "Pods-First1-First1UITests-frameworks-Debug-output-files.xcfilelist"; sourceTree = "<group>"; };
		D5B6D9BF2823B24600481169 /* Pods-First1-First1UITests-Info.plist */ = {isa = PBXFileReference; fileEncoding = 4; lastKnownFileType = text.plist.xml; path = "Pods-First1-First1UITests-Info.plist"; sourceTree = "<group>"; };
		D5B6D9C02823B24600481169 /* Pods-First1-First1UITests-frameworks-Release-input-files.xcfilelist */ = {isa = PBXFileReference; fileEncoding = 4; lastKnownFileType = text.xcfilelist; path = "Pods-First1-First1UITests-frameworks-Release-input-files.xcfilelist"; sourceTree = "<group>"; };
		D5B6D9C12823B24600481169 /* Pods-First1-First1UITests-frameworks-Debug-input-files.xcfilelist */ = {isa = PBXFileReference; fileEncoding = 4; lastKnownFileType = text.xcfilelist; path = "Pods-First1-First1UITests-frameworks-Debug-input-files.xcfilelist"; sourceTree = "<group>"; };
		D5B6D9C22823B24600481169 /* Pods-First1-First1UITests-umbrella.h */ = {isa = PBXFileReference; fileEncoding = 4; lastKnownFileType = sourcecode.c.h; path = "Pods-First1-First1UITests-umbrella.h"; sourceTree = "<group>"; };
		D5B6D9C32823B24600481169 /* Pods-First1-First1UITests.modulemap */ = {isa = PBXFileReference; fileEncoding = 4; lastKnownFileType = "sourcecode.module-map"; path = "Pods-First1-First1UITests.modulemap"; sourceTree = "<group>"; };
		D5B6D9C42823B24600481169 /* Pods-First1-First1UITests-acknowledgements.plist */ = {isa = PBXFileReference; fileEncoding = 4; lastKnownFileType = text.plist.xml; path = "Pods-First1-First1UITests-acknowledgements.plist"; sourceTree = "<group>"; };
		D5B6D9C52823B24600481169 /* Pods-First1-First1UITests-dummy.m */ = {isa = PBXFileReference; fileEncoding = 4; lastKnownFileType = sourcecode.c.objc; path = "Pods-First1-First1UITests-dummy.m"; sourceTree = "<group>"; };
		D5B6D9C62823B24600481169 /* Pods-First1-First1UITests-frameworks-Release-output-files.xcfilelist */ = {isa = PBXFileReference; fileEncoding = 4; lastKnownFileType = text.xcfilelist; path = "Pods-First1-First1UITests-frameworks-Release-output-files.xcfilelist"; sourceTree = "<group>"; };
		D5B6D9C72823B24600481169 /* Pods-First1-First1UITests-acknowledgements.markdown */ = {isa = PBXFileReference; fileEncoding = 4; lastKnownFileType = net.daringfireball.markdown; path = "Pods-First1-First1UITests-acknowledgements.markdown"; sourceTree = "<group>"; };
		D5B6D9C92823B24600481169 /* Pods-First1-frameworks-Debug-output-files.xcfilelist */ = {isa = PBXFileReference; fileEncoding = 4; lastKnownFileType = text.xcfilelist; path = "Pods-First1-frameworks-Debug-output-files.xcfilelist"; sourceTree = "<group>"; };
		D5B6D9CA2823B24600481169 /* Pods-First1-acknowledgements.plist */ = {isa = PBXFileReference; fileEncoding = 4; lastKnownFileType = text.plist.xml; path = "Pods-First1-acknowledgements.plist"; sourceTree = "<group>"; };
		D5B6D9CB2823B24600481169 /* Pods-First1-dummy.m */ = {isa = PBXFileReference; fileEncoding = 4; lastKnownFileType = sourcecode.c.objc; path = "Pods-First1-dummy.m"; sourceTree = "<group>"; };
		D5B6D9CC2823B24600481169 /* Pods-First1-Info.plist */ = {isa = PBXFileReference; fileEncoding = 4; lastKnownFileType = text.plist.xml; path = "Pods-First1-Info.plist"; sourceTree = "<group>"; };
		D5B6D9CD2823B24600481169 /* Pods-First1-frameworks-Debug-input-files.xcfilelist */ = {isa = PBXFileReference; fileEncoding = 4; lastKnownFileType = text.xcfilelist; path = "Pods-First1-frameworks-Debug-input-files.xcfilelist"; sourceTree = "<group>"; };
		D5B6D9CE2823B24600481169 /* Pods-First1.modulemap */ = {isa = PBXFileReference; fileEncoding = 4; lastKnownFileType = "sourcecode.module-map"; path = "Pods-First1.modulemap"; sourceTree = "<group>"; };
		D5B6D9CF2823B24600481169 /* Pods-First1-frameworks-Release-input-files.xcfilelist */ = {isa = PBXFileReference; fileEncoding = 4; lastKnownFileType = text.xcfilelist; path = "Pods-First1-frameworks-Release-input-files.xcfilelist"; sourceTree = "<group>"; };
		D5B6D9D02823B24600481169 /* Pods-First1-umbrella.h */ = {isa = PBXFileReference; fileEncoding = 4; lastKnownFileType = sourcecode.c.h; path = "Pods-First1-umbrella.h"; sourceTree = "<group>"; };
		D5B6D9D12823B24600481169 /* Pods-First1-frameworks.sh */ = {isa = PBXFileReference; fileEncoding = 4; lastKnownFileType = text.script.sh; path = "Pods-First1-frameworks.sh"; sourceTree = "<group>"; };
		D5B6D9D22823B24600481169 /* Pods-First1-frameworks-Release-output-files.xcfilelist */ = {isa = PBXFileReference; fileEncoding = 4; lastKnownFileType = text.xcfilelist; path = "Pods-First1-frameworks-Release-output-files.xcfilelist"; sourceTree = "<group>"; };
		D5B6D9D32823B24600481169 /* Pods-First1.debug.xcconfig */ = {isa = PBXFileReference; fileEncoding = 4; lastKnownFileType = text.xcconfig; path = "Pods-First1.debug.xcconfig"; sourceTree = "<group>"; };
		D5B6D9D42823B24600481169 /* Pods-First1-acknowledgements.markdown */ = {isa = PBXFileReference; fileEncoding = 4; lastKnownFileType = net.daringfireball.markdown; path = "Pods-First1-acknowledgements.markdown"; sourceTree = "<group>"; };
		D5B6D9D52823B24600481169 /* Pods-First1.release.xcconfig */ = {isa = PBXFileReference; fileEncoding = 4; lastKnownFileType = text.xcconfig; path = "Pods-First1.release.xcconfig"; sourceTree = "<group>"; };
		D5B6D9D62823B24600481169 /* Manifest.lock */ = {isa = PBXFileReference; fileEncoding = 4; lastKnownFileType = text; path = Manifest.lock; sourceTree = "<group>"; };
		D5B6DA2D2824018300481169 /* FirstController.swift */ = {isa = PBXFileReference; lastKnownFileType = sourcecode.swift; path = FirstController.swift; sourceTree = "<group>"; };
		D5CDEF83283CB8BE00468664 /* DelegateContrller.swift */ = {isa = PBXFileReference; lastKnownFileType = sourcecode.swift; path = DelegateContrller.swift; sourceTree = "<group>"; };
		D5CDEF97283CC72300468664 /* YXTabBarController.swift */ = {isa = PBXFileReference; lastKnownFileType = sourcecode.swift; path = YXTabBarController.swift; sourceTree = "<group>"; };
		E7D7D03D340E34F12C9A97FA /* Pods-First1Tests.release.xcconfig */ = {isa = PBXFileReference; includeInIndex = 1; lastKnownFileType = text.xcconfig; name = "Pods-First1Tests.release.xcconfig"; path = "Target Support Files/Pods-First1Tests/Pods-First1Tests.release.xcconfig"; sourceTree = "<group>"; };
/* End PBXFileReference section */

/* Begin PBXFrameworksBuildPhase section */
		D5B6D93C2823AF2400481169 /* Frameworks */ = {
			isa = PBXFrameworksBuildPhase;
			buildActionMask = 2147483647;
			files = (
				164F8D984B10D24E1A073187 /* Pods_First1.framework in Frameworks */,
			);
			runOnlyForDeploymentPostprocessing = 0;
		};
		D5B6D9552823AF2800481169 /* Frameworks */ = {
			isa = PBXFrameworksBuildPhase;
			buildActionMask = 2147483647;
			files = (
				E1E3B7E1368ACF1A20CB0B20 /* Pods_First1Tests.framework in Frameworks */,
			);
			runOnlyForDeploymentPostprocessing = 0;
		};
		D5B6D95F2823AF2800481169 /* Frameworks */ = {
			isa = PBXFrameworksBuildPhase;
			buildActionMask = 2147483647;
			files = (
				6C9B4F4DBA0A90F366D5FC28 /* Pods_First1_First1UITests.framework in Frameworks */,
			);
			runOnlyForDeploymentPostprocessing = 0;
		};
/* End PBXFrameworksBuildPhase section */

/* Begin PBXGroup section */
		5F9D1F9BA25F48AB23F0948A /* Frameworks */ = {
			isa = PBXGroup;
			children = (
				D5B6D97C2823B24500481169 /* Pods */,
				1C838D5304B81524E70AA9FD /* Pods_First1.framework */,
				B9E4696D7EE657C4EBB28EA2 /* Pods_First1_First1UITests.framework */,
				535FDC06A436DA89B92C00C1 /* Pods_First1Tests.framework */,
			);
			name = Frameworks;
			sourceTree = "<group>";
		};
		D57F685328309B8400647F08 /* Tool */ = {
			isa = PBXGroup;
			children = (
				D57F685428309B8400647F08 /* Controller */,
			);
			path = Tool;
			sourceTree = "<group>";
		};
		D57F685428309B8400647F08 /* Controller */ = {
			isa = PBXGroup;
			children = (
				D57F685928309BB200647F08 /* CommotTool.swift */,
			);
			path = Controller;
			sourceTree = "<group>";
		};
		D5B6D9362823AF2400481169 = {
			isa = PBXGroup;
			children = (
				D5B6D9412823AF2400481169 /* First1 */,
				D5B6D95B2823AF2800481169 /* First1Tests */,
				D5B6D9652823AF2800481169 /* First1UITests */,
				D5B6D9402823AF2400481169 /* Products */,
				D87B3412698D13B98A285641 /* Pods */,
				5F9D1F9BA25F48AB23F0948A /* Frameworks */,
			);
			sourceTree = "<group>";
		};
		D5B6D9402823AF2400481169 /* Products */ = {
			isa = PBXGroup;
			children = (
				D5B6D93F2823AF2400481169 /* First1.app */,
				D5B6D9582823AF2800481169 /* First1Tests.xctest */,
				D5B6D9622823AF2800481169 /* First1UITests.xctest */,
			);
			name = Products;
			sourceTree = "<group>";
		};
		D5B6D9412823AF2400481169 /* First1 */ = {
			isa = PBXGroup;
			children = (
				D5B6D9772823B18800481169 /* Class */,
				D5B6D9422823AF2400481169 /* AppDelegate.swift */,
				D5B6D9442823AF2400481169 /* SceneDelegate.swift */,
				D5B6D9482823AF2400481169 /* Main.storyboard */,
				D5B6D94E2823AF2700481169 /* Assets.xcassets */,
				D5B6D9502823AF2700481169 /* LaunchScreen.storyboard */,
				D5B6D9532823AF2700481169 /* Info.plist */,
				D5B6D94B2823AF2400481169 /* First1.xcdatamodeld */,
			);
			path = First1;
			sourceTree = "<group>";
		};
		D5B6D95B2823AF2800481169 /* First1Tests */ = {
			isa = PBXGroup;
			children = (
				D5B6D95C2823AF2800481169 /* First1Tests.swift */,
			);
			path = First1Tests;
			sourceTree = "<group>";
		};
		D5B6D9652823AF2800481169 /* First1UITests */ = {
			isa = PBXGroup;
			children = (
				D5B6D9662823AF2800481169 /* First1UITests.swift */,
				D5B6D9682823AF2800481169 /* First1UITestsLaunchTests.swift */,
			);
			path = First1UITests;
			sourceTree = "<group>";
		};
		D5B6D9772823B18800481169 /* Class */ = {
			isa = PBXGroup;
			children = (
				D5B6D9782823B18800481169 /* Base */,
				D5CDEF8D283CC6AA00468664 /* Section */,
				D57F685328309B8400647F08 /* Tool */,
			);
			path = Class;
			sourceTree = "<group>";
		};
		D5B6D9782823B18800481169 /* Base */ = {
			isa = PBXGroup;
			children = (
				D5B6D9792823B18800481169 /* Controller */,
				D5B6D97A2823B18800481169 /* Model */,
				D5B6D97B2823B18800481169 /* View */,
			);
			path = Base;
			sourceTree = "<group>";
		};
		D5B6D9792823B18800481169 /* Controller */ = {
			isa = PBXGroup;
			children = (
				D5B6D9462823AF2400481169 /* ViewController.swift */,
				D5B6DA2D2824018300481169 /* FirstController.swift */,
				D5CDEF83283CB8BE00468664 /* DelegateContrller.swift */,
				D5CDEF97283CC72300468664 /* YXTabBarController.swift */,
			);
			path = Controller;
			sourceTree = "<group>";
		};
		D5B6D97A2823B18800481169 /* Model */ = {
			isa = PBXGroup;
			children = (
			);
			path = Model;
			sourceTree = "<group>";
		};
		D5B6D97B2823B18800481169 /* View */ = {
			isa = PBXGroup;
			children = (
			);
			path = View;
			sourceTree = "<group>";
		};
		D5B6D97C2823B24500481169 /* Pods */ = {
			isa = PBXGroup;
			children = (
				D5B6D97D2823B24500481169 /* Pods.xcodeproj */,
				D5B6D9802823B24500481169 /* Alamofire */,
				D5B6D9A82823B24600481169 /* Target Support Files */,
				D5B6D9D62823B24600481169 /* Manifest.lock */,
				D5B6D9D72823B24600481169 /* Local Podspecs */,
				D5B6D9D82823B24600481169 /* Headers */,
			);
			path = Pods;
			sourceTree = "<group>";
		};
		D5B6D97E2823B24500481169 /* Products */ = {
			isa = PBXGroup;
			children = (
				D5B6D9DE2823B24600481169 /* Alamofire */,
				D5B6D9E02823B24600481169 /* Pods-First1 */,
				D5B6D9E22823B24600481169 /* Pods-First1-First1UITests */,
				D5B6D9E42823B24600481169 /* Pods-First1Tests */,
			);
			name = Products;
			sourceTree = "<group>";
		};
		D5B6D9802823B24500481169 /* Alamofire */ = {
			isa = PBXGroup;
			children = (
				D5B6D9812823B24500481169 /* LICENSE */,
				D5B6D9822823B24500481169 /* Source */,
				D5B6D9A72823B24600481169 /* README.md */,
			);
			path = Alamofire;
			sourceTree = "<group>";
		};
		D5B6D9822823B24500481169 /* Source */ = {
			isa = PBXGroup;
			children = (
				D5B6D9832823B24500481169 /* MultipartFormData.swift */,
				D5B6D9842823B24500481169 /* RequestInterceptor.swift */,
				D5B6D9852823B24500481169 /* NetworkReachabilityManager.swift */,
				D5B6D9862823B24500481169 /* ParameterEncoder.swift */,
				D5B6D9872823B24500481169 /* URLSessionConfiguration+Alamofire.swift */,
				D5B6D9882823B24500481169 /* Session.swift */,
				D5B6D9892823B24500481169 /* OperationQueue+Alamofire.swift */,
				D5B6D98A2823B24500481169 /* Concurrency.swift */,
				D5B6D98B2823B24500481169 /* CachedResponseHandler.swift */,
				D5B6D98C2823B24500481169 /* StringEncoding+Alamofire.swift */,
				D5B6D98D2823B24500481169 /* DispatchQueue+Alamofire.swift */,
				D5B6D98E2823B24500481169 /* RetryPolicy.swift */,
				D5B6D98F2823B24500481169 /* Protected.swift */,
				D5B6D9902823B24500481169 /* ParameterEncoding.swift */,
				D5B6D9912823B24500481169 /* ServerTrustEvaluation.swift */,
				D5B6D9922823B24500481169 /* AFError.swift */,
				D5B6D9932823B24500481169 /* RedirectHandler.swift */,
				D5B6D9942823B24500481169 /* URLEncodedFormEncoder.swift */,
				D5B6D9952823B24500481169 /* AlamofireExtended.swift */,
				D5B6D9962823B24500481169 /* HTTPMethod.swift */,
				D5B6D9972823B24500481169 /* MultipartUpload.swift */,
				D5B6D9982823B24600481169 /* URLRequest+Alamofire.swift */,
				D5B6D9992823B24600481169 /* URLConvertible+URLRequestConvertible.swift */,
				D5B6D99A2823B24600481169 /* RequestTaskMap.swift */,
				D5B6D99B2823B24600481169 /* Validation.swift */,
				D5B6D99C2823B24600481169 /* Notifications.swift */,
				D5B6D99D2823B24600481169 /* AuthenticationInterceptor.swift */,
				D5B6D99E2823B24600481169 /* Response.swift */,
				D5B6D99F2823B24600481169 /* Alamofire.swift */,
				D5B6D9A02823B24600481169 /* Result+Alamofire.swift */,
				D5B6D9A12823B24600481169 /* Request.swift */,
				D5B6D9A22823B24600481169 /* HTTPHeaders.swift */,
				D5B6D9A32823B24600481169 /* EventMonitor.swift */,
				D5B6D9A42823B24600481169 /* Combine.swift */,
				D5B6D9A52823B24600481169 /* ResponseSerialization.swift */,
				D5B6D9A62823B24600481169 /* SessionDelegate.swift */,
			);
			path = Source;
			sourceTree = "<group>";
		};
		D5B6D9A82823B24600481169 /* Target Support Files */ = {
			isa = PBXGroup;
			children = (
				D5B6D9A92823B24600481169 /* Pods-First1Tests */,
				D5B6D9B22823B24600481169 /* Alamofire */,
				D5B6D9BA2823B24600481169 /* Pods-First1-First1UITests */,
				D5B6D9C82823B24600481169 /* Pods-First1 */,
			);
			path = "Target Support Files";
			sourceTree = "<group>";
		};
		D5B6D9A92823B24600481169 /* Pods-First1Tests */ = {
			isa = PBXGroup;
			children = (
				D5B6D9AA2823B24600481169 /* Pods-First1Tests-acknowledgements.markdown */,
				D5B6D9AB2823B24600481169 /* Pods-First1Tests-umbrella.h */,
				D5B6D9AC2823B24600481169 /* Pods-First1Tests-dummy.m */,
				D5B6D9AD2823B24600481169 /* Pods-First1Tests.release.xcconfig */,
				D5B6D9AE2823B24600481169 /* Pods-First1Tests-Info.plist */,
				D5B6D9AF2823B24600481169 /* Pods-First1Tests.modulemap */,
				D5B6D9B02823B24600481169 /* Pods-First1Tests-acknowledgements.plist */,
				D5B6D9B12823B24600481169 /* Pods-First1Tests.debug.xcconfig */,
			);
			path = "Pods-First1Tests";
			sourceTree = "<group>";
		};
		D5B6D9B22823B24600481169 /* Alamofire */ = {
			isa = PBXGroup;
			children = (
				D5B6D9B32823B24600481169 /* Alamofire.release.xcconfig */,
				D5B6D9B42823B24600481169 /* Alamofire-Info.plist */,
				D5B6D9B52823B24600481169 /* Alamofire-dummy.m */,
				D5B6D9B62823B24600481169 /* Alamofire.debug.xcconfig */,
				D5B6D9B72823B24600481169 /* Alamofire-umbrella.h */,
				D5B6D9B82823B24600481169 /* Alamofire.modulemap */,
				D5B6D9B92823B24600481169 /* Alamofire-prefix.pch */,
			);
			path = Alamofire;
			sourceTree = "<group>";
		};
		D5B6D9BA2823B24600481169 /* Pods-First1-First1UITests */ = {
			isa = PBXGroup;
			children = (
				D5B6D9BB2823B24600481169 /* Pods-First1-First1UITests.release.xcconfig */,
				D5B6D9BC2823B24600481169 /* Pods-First1-First1UITests.debug.xcconfig */,
				D5B6D9BD2823B24600481169 /* Pods-First1-First1UITests-frameworks.sh */,
				D5B6D9BE2823B24600481169 /* Pods-First1-First1UITests-frameworks-Debug-output-files.xcfilelist */,
				D5B6D9BF2823B24600481169 /* Pods-First1-First1UITests-Info.plist */,
				D5B6D9C02823B24600481169 /* Pods-First1-First1UITests-frameworks-Release-input-files.xcfilelist */,
				D5B6D9C12823B24600481169 /* Pods-First1-First1UITests-frameworks-Debug-input-files.xcfilelist */,
				D5B6D9C22823B24600481169 /* Pods-First1-First1UITests-umbrella.h */,
				D5B6D9C32823B24600481169 /* Pods-First1-First1UITests.modulemap */,
				D5B6D9C42823B24600481169 /* Pods-First1-First1UITests-acknowledgements.plist */,
				D5B6D9C52823B24600481169 /* Pods-First1-First1UITests-dummy.m */,
				D5B6D9C62823B24600481169 /* Pods-First1-First1UITests-frameworks-Release-output-files.xcfilelist */,
				D5B6D9C72823B24600481169 /* Pods-First1-First1UITests-acknowledgements.markdown */,
			);
			path = "Pods-First1-First1UITests";
			sourceTree = "<group>";
		};
		D5B6D9C82823B24600481169 /* Pods-First1 */ = {
			isa = PBXGroup;
			children = (
				D5B6D9C92823B24600481169 /* Pods-First1-frameworks-Debug-output-files.xcfilelist */,
				D5B6D9CA2823B24600481169 /* Pods-First1-acknowledgements.plist */,
				D5B6D9CB2823B24600481169 /* Pods-First1-dummy.m */,
				D5B6D9CC2823B24600481169 /* Pods-First1-Info.plist */,
				D5B6D9CD2823B24600481169 /* Pods-First1-frameworks-Debug-input-files.xcfilelist */,
				D5B6D9CE2823B24600481169 /* Pods-First1.modulemap */,
				D5B6D9CF2823B24600481169 /* Pods-First1-frameworks-Release-input-files.xcfilelist */,
				D5B6D9D02823B24600481169 /* Pods-First1-umbrella.h */,
				D5B6D9D12823B24600481169 /* Pods-First1-frameworks.sh */,
				D5B6D9D22823B24600481169 /* Pods-First1-frameworks-Release-output-files.xcfilelist */,
				D5B6D9D32823B24600481169 /* Pods-First1.debug.xcconfig */,
				D5B6D9D42823B24600481169 /* Pods-First1-acknowledgements.markdown */,
				D5B6D9D52823B24600481169 /* Pods-First1.release.xcconfig */,
			);
			path = "Pods-First1";
			sourceTree = "<group>";
		};
		D5B6D9D72823B24600481169 /* Local Podspecs */ = {
			isa = PBXGroup;
			children = (
			);
			path = "Local Podspecs";
			sourceTree = "<group>";
		};
		D5B6D9D82823B24600481169 /* Headers */ = {
			isa = PBXGroup;
			children = (
			);
			path = Headers;
			sourceTree = "<group>";
		};
		D5CDEF8D283CC6AA00468664 /* Section */ = {
			isa = PBXGroup;
			children = (
				D5CDEF8E283CC6AA00468664 /* Home */,
			);
			path = Section;
			sourceTree = "<group>";
		};
		D5CDEF8E283CC6AA00468664 /* Home */ = {
			isa = PBXGroup;
			children = (
				D5CDEF8F283CC6AA00468664 /* Controller */,
				D5CDEF90283CC6AA00468664 /* Model */,
				D5CDEF91283CC6AA00468664 /* View */,
			);
			path = Home;
			sourceTree = "<group>";
		};
		D5CDEF8F283CC6AA00468664 /* Controller */ = {
			isa = PBXGroup;
			children = (
			);
			path = Controller;
			sourceTree = "<group>";
		};
		D5CDEF90283CC6AA00468664 /* Model */ = {
			isa = PBXGroup;
			children = (
			);
			path = Model;
			sourceTree = "<group>";
		};
		D5CDEF91283CC6AA00468664 /* View */ = {
			isa = PBXGroup;
			children = (
			);
			path = View;
			sourceTree = "<group>";
		};
		D87B3412698D13B98A285641 /* Pods */ = {
			isa = PBXGroup;
			children = (
				55DBCC07F4AAF0CF2FA568E7 /* Pods-First1.debug.xcconfig */,
				38ADF87F5E8965B6A12CA470 /* Pods-First1.release.xcconfig */,
				549D7B024EB96AFAA49AF3A3 /* Pods-First1-First1UITests.debug.xcconfig */,
				435AC0EB055B7A67F2D006D8 /* Pods-First1-First1UITests.release.xcconfig */,
				8868DAC80127AF90597D6E65 /* Pods-First1Tests.debug.xcconfig */,
				E7D7D03D340E34F12C9A97FA /* Pods-First1Tests.release.xcconfig */,
			);
			path = Pods;
			sourceTree = "<group>";
		};
/* End PBXGroup section */

/* Begin PBXNativeTarget section */
		D5B6D93E2823AF2400481169 /* First1 */ = {
			isa = PBXNativeTarget;
			buildConfigurationList = D5B6D96C2823AF2800481169 /* Build configuration list for PBXNativeTarget "First1" */;
			buildPhases = (
				87C4B142C1A9659CA4A86F44 /* [CP] Check Pods Manifest.lock */,
				D5B6D93B2823AF2400481169 /* Sources */,
				D5B6D93C2823AF2400481169 /* Frameworks */,
				D5B6D93D2823AF2400481169 /* Resources */,
				F8163872D393A1B85B8E51E7 /* [CP] Embed Pods Frameworks */,
			);
			buildRules = (
			);
			dependencies = (
			);
			name = First1;
			productName = First1;
			productReference = D5B6D93F2823AF2400481169 /* First1.app */;
			productType = "com.apple.product-type.application";
		};
		D5B6D9572823AF2800481169 /* First1Tests */ = {
			isa = PBXNativeTarget;
			buildConfigurationList = D5B6D96F2823AF2800481169 /* Build configuration list for PBXNativeTarget "First1Tests" */;
			buildPhases = (
				D05807BB2193A4546E851068 /* [CP] Check Pods Manifest.lock */,
				D5B6D9542823AF2800481169 /* Sources */,
				D5B6D9552823AF2800481169 /* Frameworks */,
				D5B6D9562823AF2800481169 /* Resources */,
			);
			buildRules = (
			);
			dependencies = (
				D5B6D95A2823AF2800481169 /* PBXTargetDependency */,
			);
			name = First1Tests;
			productName = First1Tests;
			productReference = D5B6D9582823AF2800481169 /* First1Tests.xctest */;
			productType = "com.apple.product-type.bundle.unit-test";
		};
		D5B6D9612823AF2800481169 /* First1UITests */ = {
			isa = PBXNativeTarget;
			buildConfigurationList = D5B6D9722823AF2800481169 /* Build configuration list for PBXNativeTarget "First1UITests" */;
			buildPhases = (
				DF8B433D6F6473F2E5EC91DD /* [CP] Check Pods Manifest.lock */,
				D5B6D95E2823AF2800481169 /* Sources */,
				D5B6D95F2823AF2800481169 /* Frameworks */,
				D5B6D9602823AF2800481169 /* Resources */,
				4B7DB707DB371974EC87CB19 /* [CP] Embed Pods Frameworks */,
			);
			buildRules = (
			);
			dependencies = (
				D5B6D9642823AF2800481169 /* PBXTargetDependency */,
			);
			name = First1UITests;
			productName = First1UITests;
			productReference = D5B6D9622823AF2800481169 /* First1UITests.xctest */;
			productType = "com.apple.product-type.bundle.ui-testing";
		};
/* End PBXNativeTarget section */

/* Begin PBXProject section */
		D5B6D9372823AF2400481169 /* Project object */ = {
			isa = PBXProject;
			attributes = {
				BuildIndependentTargetsInParallel = 1;
				LastSwiftUpdateCheck = 1330;
				LastUpgradeCheck = 1330;
				TargetAttributes = {
					D5B6D93E2823AF2400481169 = {
						CreatedOnToolsVersion = 13.3;
						LastSwiftMigration = 1330;
					};
					D5B6D9572823AF2800481169 = {
						CreatedOnToolsVersion = 13.3;
						TestTargetID = D5B6D93E2823AF2400481169;
					};
					D5B6D9612823AF2800481169 = {
						CreatedOnToolsVersion = 13.3;
						TestTargetID = D5B6D93E2823AF2400481169;
					};
				};
			};
			buildConfigurationList = D5B6D93A2823AF2400481169 /* Build configuration list for PBXProject "First1" */;
			compatibilityVersion = "Xcode 13.0";
			developmentRegion = en;
			hasScannedForEncodings = 0;
			knownRegions = (
				en,
				Base,
			);
			mainGroup = D5B6D9362823AF2400481169;
			productRefGroup = D5B6D9402823AF2400481169 /* Products */;
			projectDirPath = "";
			projectReferences = (
				{
					ProductGroup = D5B6D97E2823B24500481169 /* Products */;
					ProjectRef = D5B6D97D2823B24500481169 /* Pods.xcodeproj */;
				},
			);
			projectRoot = "";
			targets = (
				D5B6D93E2823AF2400481169 /* First1 */,
				D5B6D9572823AF2800481169 /* First1Tests */,
				D5B6D9612823AF2800481169 /* First1UITests */,
			);
		};
/* End PBXProject section */

/* Begin PBXReferenceProxy section */
		D5B6D9DE2823B24600481169 /* Alamofire */ = {
			isa = PBXReferenceProxy;
			fileType = wrapper.framework;
			path = Alamofire.framework;
			remoteRef = D5B6D9DD2823B24600481169 /* PBXContainerItemProxy */;
			sourceTree = BUILT_PRODUCTS_DIR;
		};
		D5B6D9E02823B24600481169 /* Pods-First1 */ = {
			isa = PBXReferenceProxy;
			fileType = wrapper.framework;
			name = "Pods-First1";
			path = Pods_First1.framework;
			remoteRef = D5B6D9DF2823B24600481169 /* PBXContainerItemProxy */;
			sourceTree = BUILT_PRODUCTS_DIR;
		};
		D5B6D9E22823B24600481169 /* Pods-First1-First1UITests */ = {
			isa = PBXReferenceProxy;
			fileType = wrapper.framework;
			name = "Pods-First1-First1UITests";
			path = Pods_First1_First1UITests.framework;
			remoteRef = D5B6D9E12823B24600481169 /* PBXContainerItemProxy */;
			sourceTree = BUILT_PRODUCTS_DIR;
		};
		D5B6D9E42823B24600481169 /* Pods-First1Tests */ = {
			isa = PBXReferenceProxy;
			fileType = wrapper.framework;
			name = "Pods-First1Tests";
			path = Pods_First1Tests.framework;
			remoteRef = D5B6D9E32823B24600481169 /* PBXContainerItemProxy */;
			sourceTree = BUILT_PRODUCTS_DIR;
		};
/* End PBXReferenceProxy section */

/* Begin PBXResourcesBuildPhase section */
		D5B6D93D2823AF2400481169 /* Resources */ = {
			isa = PBXResourcesBuildPhase;
			buildActionMask = 2147483647;
			files = (
				D5B6D9522823AF2700481169 /* LaunchScreen.storyboard in Resources */,
				D5B6D94F2823AF2700481169 /* Assets.xcassets in Resources */,
				D5B6D94A2823AF2400481169 /* Main.storyboard in Resources */,
			);
			runOnlyForDeploymentPostprocessing = 0;
		};
		D5B6D9562823AF2800481169 /* Resources */ = {
			isa = PBXResourcesBuildPhase;
			buildActionMask = 2147483647;
			files = (
				D5B6DA1B2823B24600481169 /* Pods-First1-First1UITests-frameworks-Debug-input-files.xcfilelist in Resources */,
				D5B6DA272823B24600481169 /* Pods-First1-frameworks-Release-output-files.xcfilelist in Resources */,
				D5B6DA0A2823B24600481169 /* README.md in Resources */,
				D5B6DA242823B24600481169 /* Pods-First1-frameworks-Debug-input-files.xcfilelist in Resources */,
				D5B6DA182823B24600481169 /* Pods-First1-First1UITests-frameworks-Debug-output-files.xcfilelist in Resources */,
				D5B6D9E52823B24600481169 /* LICENSE in Resources */,
				D5B6DA1A2823B24600481169 /* Pods-First1-First1UITests-frameworks-Release-input-files.xcfilelist in Resources */,
				D5B6DA292823B24600481169 /* Pods-First1-acknowledgements.markdown in Resources */,
				D5B6DA1F2823B24600481169 /* Pods-First1-First1UITests-acknowledgements.markdown in Resources */,
				D5B6DA192823B24600481169 /* Pods-First1-First1UITests-Info.plist in Resources */,
				D5B6DA262823B24600481169 /* Pods-First1-frameworks.sh in Resources */,
				D5B6DA172823B24600481169 /* Pods-First1-First1UITests-frameworks.sh in Resources */,
				D5B6DA232823B24600481169 /* Pods-First1-Info.plist in Resources */,
				D5B6DA252823B24600481169 /* Pods-First1-frameworks-Release-input-files.xcfilelist in Resources */,
				D5B6DA0B2823B24600481169 /* Pods-First1Tests-acknowledgements.markdown in Resources */,
				D5B6DA0F2823B24600481169 /* Pods-First1Tests-acknowledgements.plist in Resources */,
				D5B6DA1E2823B24600481169 /* Pods-First1-First1UITests-frameworks-Release-output-files.xcfilelist in Resources */,
				D5B6DA2B2823B24600481169 /* Manifest.lock in Resources */,
				D5B6DA1C2823B24600481169 /* Pods-First1-First1UITests-acknowledgements.plist in Resources */,
				D5B6DA202823B24600481169 /* Pods-First1-frameworks-Debug-output-files.xcfilelist in Resources */,
				D5B6DA0E2823B24600481169 /* Pods-First1Tests-Info.plist in Resources */,
				D5B6DA212823B24600481169 /* Pods-First1-acknowledgements.plist in Resources */,
				D5B6DA122823B24600481169 /* Alamofire-Info.plist in Resources */,
			);
			runOnlyForDeploymentPostprocessing = 0;
		};
		D5B6D9602823AF2800481169 /* Resources */ = {
			isa = PBXResourcesBuildPhase;
			buildActionMask = 2147483647;
			files = (
			);
			runOnlyForDeploymentPostprocessing = 0;
		};
/* End PBXResourcesBuildPhase section */

/* Begin PBXShellScriptBuildPhase section */
		4B7DB707DB371974EC87CB19 /* [CP] Embed Pods Frameworks */ = {
			isa = PBXShellScriptBuildPhase;
			buildActionMask = 2147483647;
			files = (
			);
			inputFileListPaths = (
				"${PODS_ROOT}/Target Support Files/Pods-First1-First1UITests/Pods-First1-First1UITests-frameworks-${CONFIGURATION}-input-files.xcfilelist",
			);
			name = "[CP] Embed Pods Frameworks";
			outputFileListPaths = (
				"${PODS_ROOT}/Target Support Files/Pods-First1-First1UITests/Pods-First1-First1UITests-frameworks-${CONFIGURATION}-output-files.xcfilelist",
			);
			runOnlyForDeploymentPostprocessing = 0;
			shellPath = /bin/sh;
			shellScript = "\"${PODS_ROOT}/Target Support Files/Pods-First1-First1UITests/Pods-First1-First1UITests-frameworks.sh\"\n";
			showEnvVarsInLog = 0;
		};
		87C4B142C1A9659CA4A86F44 /* [CP] Check Pods Manifest.lock */ = {
			isa = PBXShellScriptBuildPhase;
			buildActionMask = 2147483647;
			files = (
			);
			inputFileListPaths = (
			);
			inputPaths = (
				"${PODS_PODFILE_DIR_PATH}/Podfile.lock",
				"${PODS_ROOT}/Manifest.lock",
			);
			name = "[CP] Check Pods Manifest.lock";
			outputFileListPaths = (
			);
			outputPaths = (
				"$(DERIVED_FILE_DIR)/Pods-First1-checkManifestLockResult.txt",
			);
			runOnlyForDeploymentPostprocessing = 0;
			shellPath = /bin/sh;
			shellScript = "diff \"${PODS_PODFILE_DIR_PATH}/Podfile.lock\" \"${PODS_ROOT}/Manifest.lock\" > /dev/null\nif [ $? != 0 ] ; then\n    # print error to STDERR\n    echo \"error: The sandbox is not in sync with the Podfile.lock. Run 'pod install' or update your CocoaPods installation.\" >&2\n    exit 1\nfi\n# This output is used by Xcode 'outputs' to avoid re-running this script phase.\necho \"SUCCESS\" > \"${SCRIPT_OUTPUT_FILE_0}\"\n";
			showEnvVarsInLog = 0;
		};
		D05807BB2193A4546E851068 /* [CP] Check Pods Manifest.lock */ = {
			isa = PBXShellScriptBuildPhase;
			buildActionMask = 2147483647;
			files = (
			);
			inputFileListPaths = (
			);
			inputPaths = (
				"${PODS_PODFILE_DIR_PATH}/Podfile.lock",
				"${PODS_ROOT}/Manifest.lock",
			);
			name = "[CP] Check Pods Manifest.lock";
			outputFileListPaths = (
			);
			outputPaths = (
				"$(DERIVED_FILE_DIR)/Pods-First1Tests-checkManifestLockResult.txt",
			);
			runOnlyForDeploymentPostprocessing = 0;
			shellPath = /bin/sh;
			shellScript = "diff \"${PODS_PODFILE_DIR_PATH}/Podfile.lock\" \"${PODS_ROOT}/Manifest.lock\" > /dev/null\nif [ $? != 0 ] ; then\n    # print error to STDERR\n    echo \"error: The sandbox is not in sync with the Podfile.lock. Run 'pod install' or update your CocoaPods installation.\" >&2\n    exit 1\nfi\n# This output is used by Xcode 'outputs' to avoid re-running this script phase.\necho \"SUCCESS\" > \"${SCRIPT_OUTPUT_FILE_0}\"\n";
			showEnvVarsInLog = 0;
		};
		DF8B433D6F6473F2E5EC91DD /* [CP] Check Pods Manifest.lock */ = {
			isa = PBXShellScriptBuildPhase;
			buildActionMask = 2147483647;
			files = (
			);
			inputFileListPaths = (
			);
			inputPaths = (
				"${PODS_PODFILE_DIR_PATH}/Podfile.lock",
				"${PODS_ROOT}/Manifest.lock",
			);
			name = "[CP] Check Pods Manifest.lock";
			outputFileListPaths = (
			);
			outputPaths = (
				"$(DERIVED_FILE_DIR)/Pods-First1-First1UITests-checkManifestLockResult.txt",
			);
			runOnlyForDeploymentPostprocessing = 0;
			shellPath = /bin/sh;
			shellScript = "diff \"${PODS_PODFILE_DIR_PATH}/Podfile.lock\" \"${PODS_ROOT}/Manifest.lock\" > /dev/null\nif [ $? != 0 ] ; then\n    # print error to STDERR\n    echo \"error: The sandbox is not in sync with the Podfile.lock. Run 'pod install' or update your CocoaPods installation.\" >&2\n    exit 1\nfi\n# This output is used by Xcode 'outputs' to avoid re-running this script phase.\necho \"SUCCESS\" > \"${SCRIPT_OUTPUT_FILE_0}\"\n";
			showEnvVarsInLog = 0;
		};
		F8163872D393A1B85B8E51E7 /* [CP] Embed Pods Frameworks */ = {
			isa = PBXShellScriptBuildPhase;
			buildActionMask = 2147483647;
			files = (
			);
			inputFileListPaths = (
				"${PODS_ROOT}/Target Support Files/Pods-First1/Pods-First1-frameworks-${CONFIGURATION}-input-files.xcfilelist",
			);
			name = "[CP] Embed Pods Frameworks";
			outputFileListPaths = (
				"${PODS_ROOT}/Target Support Files/Pods-First1/Pods-First1-frameworks-${CONFIGURATION}-output-files.xcfilelist",
			);
			runOnlyForDeploymentPostprocessing = 0;
			shellPath = /bin/sh;
			shellScript = "\"${PODS_ROOT}/Target Support Files/Pods-First1/Pods-First1-frameworks.sh\"\n";
			showEnvVarsInLog = 0;
		};
/* End PBXShellScriptBuildPhase section */

/* Begin PBXSourcesBuildPhase section */
		D5B6D93B2823AF2400481169 /* Sources */ = {
			isa = PBXSourcesBuildPhase;
			buildActionMask = 2147483647;
			files = (
				D57F685A28309BB300647F08 /* CommotTool.swift in Sources */,
				D5B6D94D2823AF2400481169 /* First1.xcdatamodeld in Sources */,
				D5B6D9472823AF2400481169 /* ViewController.swift in Sources */,
				D5CDEF84283CB8BF00468664 /* DelegateContrller.swift in Sources */,
				D5CDEF98283CC72300468664 /* YXTabBarController.swift in Sources */,
				D5B6DA2E2824018300481169 /* FirstController.swift in Sources */,
				D5B6D9432823AF2400481169 /* AppDelegate.swift in Sources */,
				D5B6D9452823AF2400481169 /* SceneDelegate.swift in Sources */,
			);
			runOnlyForDeploymentPostprocessing = 0;
		};
		D5B6D9542823AF2800481169 /* Sources */ = {
			isa = PBXSourcesBuildPhase;
			buildActionMask = 2147483647;
			files = (
				D5B6D9F12823B24600481169 /* RetryPolicy.swift in Sources */,
				D5B6D9FC2823B24600481169 /* URLConvertible+URLRequestConvertible.swift in Sources */,
				D5B6D9F02823B24600481169 /* DispatchQueue+Alamofire.swift in Sources */,
				D5B6DA032823B24600481169 /* Result+Alamofire.swift in Sources */,
				D5B6DA222823B24600481169 /* Pods-First1-dummy.m in Sources */,
				D5B6D9FF2823B24600481169 /* Notifications.swift in Sources */,
				D5B6D9F92823B24600481169 /* HTTPMethod.swift in Sources */,
				D5B6DA002823B24600481169 /* AuthenticationInterceptor.swift in Sources */,
				D5B6DA022823B24600481169 /* Alamofire.swift in Sources */,
				D5B6D9FE2823B24600481169 /* Validation.swift in Sources */,
				D5B6D9F52823B24600481169 /* AFError.swift in Sources */,
				D5B6D9F22823B24600481169 /* Protected.swift in Sources */,
				D5B6D9EB2823B24600481169 /* Session.swift in Sources */,
				D5B6D9E62823B24600481169 /* MultipartFormData.swift in Sources */,
				D5B6DA072823B24600481169 /* Combine.swift in Sources */,
				D5B6D9F62823B24600481169 /* RedirectHandler.swift in Sources */,
				D5B6D9F82823B24600481169 /* AlamofireExtended.swift in Sources */,
				D5B6DA1D2823B24600481169 /* Pods-First1-First1UITests-dummy.m in Sources */,
				D5B6D9EC2823B24600481169 /* OperationQueue+Alamofire.swift in Sources */,
				D5B6D9E72823B24600481169 /* RequestInterceptor.swift in Sources */,
				D5B6DA062823B24600481169 /* EventMonitor.swift in Sources */,
				D5B6DA042823B24600481169 /* Request.swift in Sources */,
				D5B6D9FA2823B24600481169 /* MultipartUpload.swift in Sources */,
				D5B6D9F42823B24600481169 /* ServerTrustEvaluation.swift in Sources */,
				D5B6DA092823B24600481169 /* SessionDelegate.swift in Sources */,
				D5B6D9ED2823B24600481169 /* Concurrency.swift in Sources */,
				D5B6DA052823B24600481169 /* HTTPHeaders.swift in Sources */,
				D5B6D9F72823B24600481169 /* URLEncodedFormEncoder.swift in Sources */,
				D5B6DA012823B24600481169 /* Response.swift in Sources */,
				D5B6D9E82823B24600481169 /* NetworkReachabilityManager.swift in Sources */,
				D5B6D9E92823B24600481169 /* ParameterEncoder.swift in Sources */,
				D5B6D9EE2823B24600481169 /* CachedResponseHandler.swift in Sources */,
				D5B6D9EA2823B24600481169 /* URLSessionConfiguration+Alamofire.swift in Sources */,
				D5B6D9FD2823B24600481169 /* RequestTaskMap.swift in Sources */,
				D5B6DA082823B24600481169 /* ResponseSerialization.swift in Sources */,
				D5B6DA132823B24600481169 /* Alamofire-dummy.m in Sources */,
				D5B6DA0C2823B24600481169 /* Pods-First1Tests-dummy.m in Sources */,
				D5B6D9F32823B24600481169 /* ParameterEncoding.swift in Sources */,
				D5B6D9FB2823B24600481169 /* URLRequest+Alamofire.swift in Sources */,
				D5B6D9EF2823B24600481169 /* StringEncoding+Alamofire.swift in Sources */,
				D5B6D95D2823AF2800481169 /* First1Tests.swift in Sources */,
			);
			runOnlyForDeploymentPostprocessing = 0;
		};
		D5B6D95E2823AF2800481169 /* Sources */ = {
			isa = PBXSourcesBuildPhase;
			buildActionMask = 2147483647;
			files = (
				D5B6D9672823AF2800481169 /* First1UITests.swift in Sources */,
				D5B6D9692823AF2800481169 /* First1UITestsLaunchTests.swift in Sources */,
			);
			runOnlyForDeploymentPostprocessing = 0;
		};
/* End PBXSourcesBuildPhase section */

/* Begin PBXTargetDependency section */
		D5B6D95A2823AF2800481169 /* PBXTargetDependency */ = {
			isa = PBXTargetDependency;
			target = D5B6D93E2823AF2400481169 /* First1 */;
			targetProxy = D5B6D9592823AF2800481169 /* PBXContainerItemProxy */;
		};
		D5B6D9642823AF2800481169 /* PBXTargetDependency */ = {
			isa = PBXTargetDependency;
			target = D5B6D93E2823AF2400481169 /* First1 */;
			targetProxy = D5B6D9632823AF2800481169 /* PBXContainerItemProxy */;
		};
/* End PBXTargetDependency section */

/* Begin PBXVariantGroup section */
		D5B6D9482823AF2400481169 /* Main.storyboard */ = {
			isa = PBXVariantGroup;
			children = (
				D5B6D9492823AF2400481169 /* Base */,
			);
			name = Main.storyboard;
			sourceTree = "<group>";
		};
		D5B6D9502823AF2700481169 /* LaunchScreen.storyboard */ = {
			isa = PBXVariantGroup;
			children = (
				D5B6D9512823AF2700481169 /* Base */,
			);
			name = LaunchScreen.storyboard;
			sourceTree = "<group>";
		};
/* End PBXVariantGroup section */

/* Begin XCBuildConfiguration section */
		D5B6D96A2823AF2800481169 /* Debug */ = {
			isa = XCBuildConfiguration;
			buildSettings = {
				ALWAYS_SEARCH_USER_PATHS = NO;
				CLANG_ANALYZER_NONNULL = YES;
				CLANG_ANALYZER_NUMBER_OBJECT_CONVERSION = YES_AGGRESSIVE;
				CLANG_CXX_LANGUAGE_STANDARD = "gnu++17";
				CLANG_ENABLE_MODULES = YES;
				CLANG_ENABLE_OBJC_ARC = YES;
				CLANG_ENABLE_OBJC_WEAK = YES;
				CLANG_WARN_BLOCK_CAPTURE_AUTORELEASING = YES;
				CLANG_WARN_BOOL_CONVERSION = YES;
				CLANG_WARN_COMMA = YES;
				CLANG_WARN_CONSTANT_CONVERSION = YES;
				CLANG_WARN_DEPRECATED_OBJC_IMPLEMENTATIONS = YES;
				CLANG_WARN_DIRECT_OBJC_ISA_USAGE = YES_ERROR;
				CLANG_WARN_DOCUMENTATION_COMMENTS = YES;
				CLANG_WARN_EMPTY_BODY = YES;
				CLANG_WARN_ENUM_CONVERSION = YES;
				CLANG_WARN_INFINITE_RECURSION = YES;
				CLANG_WARN_INT_CONVERSION = YES;
				CLANG_WARN_NON_LITERAL_NULL_CONVERSION = YES;
				CLANG_WARN_OBJC_IMPLICIT_RETAIN_SELF = YES;
				CLANG_WARN_OBJC_LITERAL_CONVERSION = YES;
				CLANG_WARN_OBJC_ROOT_CLASS = YES_ERROR;
				CLANG_WARN_QUOTED_INCLUDE_IN_FRAMEWORK_HEADER = YES;
				CLANG_WARN_RANGE_LOOP_ANALYSIS = YES;
				CLANG_WARN_STRICT_PROTOTYPES = YES;
				CLANG_WARN_SUSPICIOUS_MOVE = YES;
				CLANG_WARN_UNGUARDED_AVAILABILITY = YES_AGGRESSIVE;
				CLANG_WARN_UNREACHABLE_CODE = YES;
				CLANG_WARN__DUPLICATE_METHOD_MATCH = YES;
				COPY_PHASE_STRIP = NO;
				DEBUG_INFORMATION_FORMAT = dwarf;
				ENABLE_STRICT_OBJC_MSGSEND = YES;
				ENABLE_TESTABILITY = YES;
				GCC_C_LANGUAGE_STANDARD = gnu11;
				GCC_DYNAMIC_NO_PIC = NO;
				GCC_NO_COMMON_BLOCKS = YES;
				GCC_OPTIMIZATION_LEVEL = 0;
				GCC_PREPROCESSOR_DEFINITIONS = (
					"DEBUG=1",
					"$(inherited)",
				);
				GCC_WARN_64_TO_32_BIT_CONVERSION = YES;
				GCC_WARN_ABOUT_RETURN_TYPE = YES_ERROR;
				GCC_WARN_UNDECLARED_SELECTOR = YES;
				GCC_WARN_UNINITIALIZED_AUTOS = YES_AGGRESSIVE;
				GCC_WARN_UNUSED_FUNCTION = YES;
				GCC_WARN_UNUSED_VARIABLE = YES;
				IPHONEOS_DEPLOYMENT_TARGET = 15.4;
				MTL_ENABLE_DEBUG_INFO = INCLUDE_SOURCE;
				MTL_FAST_MATH = YES;
				ONLY_ACTIVE_ARCH = YES;
				SDKROOT = iphoneos;
				SWIFT_ACTIVE_COMPILATION_CONDITIONS = DEBUG;
				SWIFT_OPTIMIZATION_LEVEL = "-Onone";
			};
			name = Debug;
		};
		D5B6D96B2823AF2800481169 /* Release */ = {
			isa = XCBuildConfiguration;
			buildSettings = {
				ALWAYS_SEARCH_USER_PATHS = NO;
				CLANG_ANALYZER_NONNULL = YES;
				CLANG_ANALYZER_NUMBER_OBJECT_CONVERSION = YES_AGGRESSIVE;
				CLANG_CXX_LANGUAGE_STANDARD = "gnu++17";
				CLANG_ENABLE_MODULES = YES;
				CLANG_ENABLE_OBJC_ARC = YES;
				CLANG_ENABLE_OBJC_WEAK = YES;
				CLANG_WARN_BLOCK_CAPTURE_AUTORELEASING = YES;
				CLANG_WARN_BOOL_CONVERSION = YES;
				CLANG_WARN_COMMA = YES;
				CLANG_WARN_CONSTANT_CONVERSION = YES;
				CLANG_WARN_DEPRECATED_OBJC_IMPLEMENTATIONS = YES;
				CLANG_WARN_DIRECT_OBJC_ISA_USAGE = YES_ERROR;
				CLANG_WARN_DOCUMENTATION_COMMENTS = YES;
				CLANG_WARN_EMPTY_BODY = YES;
				CLANG_WARN_ENUM_CONVERSION = YES;
				CLANG_WARN_INFINITE_RECURSION = YES;
				CLANG_WARN_INT_CONVERSION = YES;
				CLANG_WARN_NON_LITERAL_NULL_CONVERSION = YES;
				CLANG_WARN_OBJC_IMPLICIT_RETAIN_SELF = YES;
				CLANG_WARN_OBJC_LITERAL_CONVERSION = YES;
				CLANG_WARN_OBJC_ROOT_CLASS = YES_ERROR;
				CLANG_WARN_QUOTED_INCLUDE_IN_FRAMEWORK_HEADER = YES;
				CLANG_WARN_RANGE_LOOP_ANALYSIS = YES;
				CLANG_WARN_STRICT_PROTOTYPES = YES;
				CLANG_WARN_SUSPICIOUS_MOVE = YES;
				CLANG_WARN_UNGUARDED_AVAILABILITY = YES_AGGRESSIVE;
				CLANG_WARN_UNREACHABLE_CODE = YES;
				CLANG_WARN__DUPLICATE_METHOD_MATCH = YES;
				COPY_PHASE_STRIP = NO;
				DEBUG_INFORMATION_FORMAT = "dwarf-with-dsym";
				ENABLE_NS_ASSERTIONS = NO;
				ENABLE_STRICT_OBJC_MSGSEND = YES;
				GCC_C_LANGUAGE_STANDARD = gnu11;
				GCC_NO_COMMON_BLOCKS = YES;
				GCC_WARN_64_TO_32_BIT_CONVERSION = YES;
				GCC_WARN_ABOUT_RETURN_TYPE = YES_ERROR;
				GCC_WARN_UNDECLARED_SELECTOR = YES;
				GCC_WARN_UNINITIALIZED_AUTOS = YES_AGGRESSIVE;
				GCC_WARN_UNUSED_FUNCTION = YES;
				GCC_WARN_UNUSED_VARIABLE = YES;
				IPHONEOS_DEPLOYMENT_TARGET = 15.4;
				MTL_ENABLE_DEBUG_INFO = NO;
				MTL_FAST_MATH = YES;
				SDKROOT = iphoneos;
				SWIFT_COMPILATION_MODE = wholemodule;
				SWIFT_OPTIMIZATION_LEVEL = "-O";
				VALIDATE_PRODUCT = YES;
			};
			name = Release;
		};
		D5B6D96D2823AF2800481169 /* Debug */ = {
			isa = XCBuildConfiguration;
			baseConfigurationReference = 55DBCC07F4AAF0CF2FA568E7 /* Pods-First1.debug.xcconfig */;
			buildSettings = {
				ASSETCATALOG_COMPILER_APPICON_NAME = AppIcon;
				ASSETCATALOG_COMPILER_GLOBAL_ACCENT_COLOR_NAME = AccentColor;
				CODE_SIGN_STYLE = Automatic;
				CURRENT_PROJECT_VERSION = 1;
				DEVELOPMENT_TEAM = NL8A4FJ48B;
				GENERATE_INFOPLIST_FILE = YES;
				INFOPLIST_FILE = First1/Info.plist;
				INFOPLIST_KEY_UIApplicationSupportsIndirectInputEvents = YES;
				INFOPLIST_KEY_UILaunchStoryboardName = LaunchScreen;
				INFOPLIST_KEY_UIMainStoryboardFile = Main;
				INFOPLIST_KEY_UISupportedInterfaceOrientations_iPad = "UIInterfaceOrientationPortrait UIInterfaceOrientationPortraitUpsideDown UIInterfaceOrientationLandscapeLeft UIInterfaceOrientationLandscapeRight";
				INFOPLIST_KEY_UISupportedInterfaceOrientations_iPhone = "UIInterfaceOrientationPortrait UIInterfaceOrientationLandscapeLeft UIInterfaceOrientationLandscapeRight";
				LD_RUNPATH_SEARCH_PATHS = (
					"$(inherited)",
					"@executable_path/Frameworks",
				);
				MARKETING_VERSION = 1.0;
				PRODUCT_BUNDLE_IDENTIFIER = first.line.com.First1;
				PRODUCT_NAME = "$(TARGET_NAME)";
				SWIFT_EMIT_LOC_STRINGS = YES;
				SWIFT_VERSION = 5.0;
				TARGETED_DEVICE_FAMILY = "1,2";
			};
			name = Debug;
		};
		D5B6D96E2823AF2800481169 /* Release */ = {
			isa = XCBuildConfiguration;
			baseConfigurationReference = 38ADF87F5E8965B6A12CA470 /* Pods-First1.release.xcconfig */;
			buildSettings = {
				ASSETCATALOG_COMPILER_APPICON_NAME = AppIcon;
				ASSETCATALOG_COMPILER_GLOBAL_ACCENT_COLOR_NAME = AccentColor;
				CODE_SIGN_STYLE = Automatic;
				CURRENT_PROJECT_VERSION = 1;
				DEVELOPMENT_TEAM = NL8A4FJ48B;
				GENERATE_INFOPLIST_FILE = YES;
				INFOPLIST_FILE = First1/Info.plist;
				INFOPLIST_KEY_UIApplicationSupportsIndirectInputEvents = YES;
				INFOPLIST_KEY_UILaunchStoryboardName = LaunchScreen;
				INFOPLIST_KEY_UIMainStoryboardFile = Main;
				INFOPLIST_KEY_UISupportedInterfaceOrientations_iPad = "UIInterfaceOrientationPortrait UIInterfaceOrientationPortraitUpsideDown UIInterfaceOrientationLandscapeLeft UIInterfaceOrientationLandscapeRight";
				INFOPLIST_KEY_UISupportedInterfaceOrientations_iPhone = "UIInterfaceOrientationPortrait UIInterfaceOrientationLandscapeLeft UIInterfaceOrientationLandscapeRight";
				LD_RUNPATH_SEARCH_PATHS = (
					"$(inherited)",
					"@executable_path/Frameworks",
				);
				MARKETING_VERSION = 1.0;
				PRODUCT_BUNDLE_IDENTIFIER = first.line.com.First1;
				PRODUCT_NAME = "$(TARGET_NAME)";
				SWIFT_EMIT_LOC_STRINGS = YES;
				SWIFT_VERSION = 5.0;
				TARGETED_DEVICE_FAMILY = "1,2";
			};
			name = Release;
		};
		D5B6D9702823AF2800481169 /* Debug */ = {
			isa = XCBuildConfiguration;
			baseConfigurationReference = 8868DAC80127AF90597D6E65 /* Pods-First1Tests.debug.xcconfig */;
			buildSettings = {
				ALWAYS_EMBED_SWIFT_STANDARD_LIBRARIES = YES;
				BUNDLE_LOADER = "$(TEST_HOST)";
				CODE_SIGN_STYLE = Automatic;
				CURRENT_PROJECT_VERSION = 1;
				DEVELOPMENT_TEAM = NL8A4FJ48B;
				GENERATE_INFOPLIST_FILE = YES;
				IPHONEOS_DEPLOYMENT_TARGET = 15.4;
				MARKETING_VERSION = 1.0;
				PRODUCT_BUNDLE_IDENTIFIER = first.line.com.First1Tests;
				PRODUCT_NAME = "$(TARGET_NAME)";
				SWIFT_EMIT_LOC_STRINGS = NO;
				SWIFT_VERSION = 5.0;
				TARGETED_DEVICE_FAMILY = "1,2";
				TEST_HOST = "$(BUILT_PRODUCTS_DIR)/First1.app/First1";
			};
			name = Debug;
		};
		D5B6D9712823AF2800481169 /* Release */ = {
			isa = XCBuildConfiguration;
			baseConfigurationReference = E7D7D03D340E34F12C9A97FA /* Pods-First1Tests.release.xcconfig */;
			buildSettings = {
				ALWAYS_EMBED_SWIFT_STANDARD_LIBRARIES = YES;
				BUNDLE_LOADER = "$(TEST_HOST)";
				CODE_SIGN_STYLE = Automatic;
				CURRENT_PROJECT_VERSION = 1;
				DEVELOPMENT_TEAM = NL8A4FJ48B;
				GENERATE_INFOPLIST_FILE = YES;
				IPHONEOS_DEPLOYMENT_TARGET = 15.4;
				MARKETING_VERSION = 1.0;
				PRODUCT_BUNDLE_IDENTIFIER = first.line.com.First1Tests;
				PRODUCT_NAME = "$(TARGET_NAME)";
				SWIFT_EMIT_LOC_STRINGS = NO;
				SWIFT_VERSION = 5.0;
				TARGETED_DEVICE_FAMILY = "1,2";
				TEST_HOST = "$(BUILT_PRODUCTS_DIR)/First1.app/First1";
			};
			name = Release;
		};
		D5B6D9732823AF2800481169 /* Debug */ = {
			isa = XCBuildConfiguration;
			baseConfigurationReference = 549D7B024EB96AFAA49AF3A3 /* Pods-First1-First1UITests.debug.xcconfig */;
			buildSettings = {
				ALWAYS_EMBED_SWIFT_STANDARD_LIBRARIES = YES;
				CODE_SIGN_STYLE = Automatic;
				CURRENT_PROJECT_VERSION = 1;
				DEVELOPMENT_TEAM = NL8A4FJ48B;
				GENERATE_INFOPLIST_FILE = YES;
				MARKETING_VERSION = 1.0;
				PRODUCT_BUNDLE_IDENTIFIER = first.line.com.First1UITests;
				PRODUCT_NAME = "$(TARGET_NAME)";
				SWIFT_EMIT_LOC_STRINGS = NO;
				SWIFT_VERSION = 5.0;
				TARGETED_DEVICE_FAMILY = "1,2";
				TEST_TARGET_NAME = First1;
			};
			name = Debug;
		};
		D5B6D9742823AF2800481169 /* Release */ = {
			isa = XCBuildConfiguration;
			baseConfigurationReference = 435AC0EB055B7A67F2D006D8 /* Pods-First1-First1UITests.release.xcconfig */;
			buildSettings = {
				ALWAYS_EMBED_SWIFT_STANDARD_LIBRARIES = YES;
				CODE_SIGN_STYLE = Automatic;
				CURRENT_PROJECT_VERSION = 1;
				DEVELOPMENT_TEAM = NL8A4FJ48B;
				GENERATE_INFOPLIST_FILE = YES;
				MARKETING_VERSION = 1.0;
				PRODUCT_BUNDLE_IDENTIFIER = first.line.com.First1UITests;
				PRODUCT_NAME = "$(TARGET_NAME)";
				SWIFT_EMIT_LOC_STRINGS = NO;
				SWIFT_VERSION = 5.0;
				TARGETED_DEVICE_FAMILY = "1,2";
				TEST_TARGET_NAME = First1;
			};
			name = Release;
		};
/* End XCBuildConfiguration section */

/* Begin XCConfigurationList section */
		D5B6D93A2823AF2400481169 /* Build configuration list for PBXProject "First1" */ = {
			isa = XCConfigurationList;
			buildConfigurations = (
				D5B6D96A2823AF2800481169 /* Debug */,
				D5B6D96B2823AF2800481169 /* Release */,
			);
			defaultConfigurationIsVisible = 0;
			defaultConfigurationName = Release;
		};
		D5B6D96C2823AF2800481169 /* Build configuration list for PBXNativeTarget "First1" */ = {
			isa = XCConfigurationList;
			buildConfigurations = (
				D5B6D96D2823AF2800481169 /* Debug */,
				D5B6D96E2823AF2800481169 /* Release */,
			);
			defaultConfigurationIsVisible = 0;
			defaultConfigurationName = Release;
		};
		D5B6D96F2823AF2800481169 /* Build configuration list for PBXNativeTarget "First1Tests" */ = {
			isa = XCConfigurationList;
			buildConfigurations = (
				D5B6D9702823AF2800481169 /* Debug */,
				D5B6D9712823AF2800481169 /* Release */,
			);
			defaultConfigurationIsVisible = 0;
			defaultConfigurationName = Release;
		};
		D5B6D9722823AF2800481169 /* Build configuration list for PBXNativeTarget "First1UITests" */ = {
			isa = XCConfigurationList;
			buildConfigurations = (
				D5B6D9732823AF2800481169 /* Debug */,
				D5B6D9742823AF2800481169 /* Release */,
			);
			defaultConfigurationIsVisible = 0;
			defaultConfigurationName = Release;
		};
/* End XCConfigurationList section */

/* Begin XCVersionGroup section */
		D5B6D94B2823AF2400481169 /* First1.xcdatamodeld */ = {
			isa = XCVersionGroup;
			children = (
				D5B6D94C2823AF2400481169 /* First1.xcdatamodel */,
			);
			currentVersion = D5B6D94C2823AF2400481169 /* First1.xcdatamodel */;
			path = First1.xcdatamodeld;
			sourceTree = "<group>";
			versionGroupType = wrapper.xcdatamodel;
		};
/* End XCVersionGroup section */
	};
	rootObject = D5B6D9372823AF2400481169 /* Project object */;
}
